// !$*UTF8*$!
{
	archiveVersion = 1;
	classes = {
	};
	objectVersion = 46;
	objects = {

/* Begin PBXBuildFile section */
		0CBE00F1C49BE1C0D9B0ED99 /* Pods_GametacSDK_Tests.framework in Frameworks */ = {isa = PBXBuildFile; fileRef = 3C1EDBA8169D0080C263F3A9 /* Pods_GametacSDK_Tests.framework */; };
		607FACD61AFB9204008FA782 /* AppDelegate.swift in Sources */ = {isa = PBXBuildFile; fileRef = 607FACD51AFB9204008FA782 /* AppDelegate.swift */; };
		607FACD81AFB9204008FA782 /* ViewController.swift in Sources */ = {isa = PBXBuildFile; fileRef = 607FACD71AFB9204008FA782 /* ViewController.swift */; };
		607FACDB1AFB9204008FA782 /* Main.storyboard in Resources */ = {isa = PBXBuildFile; fileRef = 607FACD91AFB9204008FA782 /* Main.storyboard */; };
		607FACDD1AFB9204008FA782 /* Images.xcassets in Resources */ = {isa = PBXBuildFile; fileRef = 607FACDC1AFB9204008FA782 /* Images.xcassets */; };
		607FACE01AFB9204008FA782 /* LaunchScreen.xib in Resources */ = {isa = PBXBuildFile; fileRef = 607FACDE1AFB9204008FA782 /* LaunchScreen.xib */; };
		607FACEC1AFB9204008FA782 /* Tests.swift in Sources */ = {isa = PBXBuildFile; fileRef = 607FACEB1AFB9204008FA782 /* Tests.swift */; };
		8F84EC7023AA896000AA2F24 /* GoogleService-Info.plist in Resources */ = {isa = PBXBuildFile; fileRef = 8F84EC6F23AA896000AA2F24 /* GoogleService-Info.plist */; };
		8FAD7B0623A3911000A08ED9 /* Assets.xcassets in Resources */ = {isa = PBXBuildFile; fileRef = 8FAD7A7923A3910F00A08ED9 /* Assets.xcassets */; };
		8FAD7B0723A3911000A08ED9 /* OpenSans-Semibold.ttf in Resources */ = {isa = PBXBuildFile; fileRef = 8FAD7A7B23A3910F00A08ED9 /* OpenSans-Semibold.ttf */; };
		8FAD7B0823A3911000A08ED9 /* OpenSans-Light.ttf in Resources */ = {isa = PBXBuildFile; fileRef = 8FAD7A7C23A3910F00A08ED9 /* OpenSans-Light.ttf */; };
		8FAD7B0923A3911000A08ED9 /* OpenSans-Italic.ttf in Resources */ = {isa = PBXBuildFile; fileRef = 8FAD7A7D23A3910F00A08ED9 /* OpenSans-Italic.ttf */; };
		8FAD7B0A23A3911000A08ED9 /* Apache License.txt in Resources */ = {isa = PBXBuildFile; fileRef = 8FAD7A7E23A3910F00A08ED9 /* Apache License.txt */; };
		8FAD7B0B23A3911000A08ED9 /* OpenSans-ExtraBold.ttf in Resources */ = {isa = PBXBuildFile; fileRef = 8FAD7A7F23A3910F00A08ED9 /* OpenSans-ExtraBold.ttf */; };
		8FAD7B0C23A3911000A08ED9 /* OpenSans-LightItalic.ttf in Resources */ = {isa = PBXBuildFile; fileRef = 8FAD7A8023A3910F00A08ED9 /* OpenSans-LightItalic.ttf */; };
		8FAD7B0D23A3911000A08ED9 /* OpenSans-Bold.ttf in Resources */ = {isa = PBXBuildFile; fileRef = 8FAD7A8123A3910F00A08ED9 /* OpenSans-Bold.ttf */; };
		8FAD7B0E23A3911000A08ED9 /* OpenSans-SemiboldItalic.ttf in Resources */ = {isa = PBXBuildFile; fileRef = 8FAD7A8223A3910F00A08ED9 /* OpenSans-SemiboldItalic.ttf */; };
		8FAD7B0F23A3911000A08ED9 /* OpenSans-ExtraBoldItalic.ttf in Resources */ = {isa = PBXBuildFile; fileRef = 8FAD7A8323A3910F00A08ED9 /* OpenSans-ExtraBoldItalic.ttf */; };
		8FAD7B1023A3911000A08ED9 /* OpenSans-Regular.ttf in Resources */ = {isa = PBXBuildFile; fileRef = 8FAD7A8423A3910F00A08ED9 /* OpenSans-Regular.ttf */; };
		8FAD7B1123A3911000A08ED9 /* OpenSans-BoldItalic.ttf in Resources */ = {isa = PBXBuildFile; fileRef = 8FAD7A8523A3910F00A08ED9 /* OpenSans-BoldItalic.ttf */; };
		8FAD7C3623A39F6400A08ED9 /* PopupNotice.xib in Resources */ = {isa = PBXBuildFile; fileRef = 8FAD7B4023A39F6400A08ED9 /* PopupNotice.xib */; };
		8FAD7C3723A39F6400A08ED9 /* PopupNotice.swift in Sources */ = {isa = PBXBuildFile; fileRef = 8FAD7B4123A39F6400A08ED9 /* PopupNotice.swift */; };
		8FAD7C3823A39F6400A08ED9 /* LoginVC.swift in Sources */ = {isa = PBXBuildFile; fileRef = 8FAD7B4323A39F6400A08ED9 /* LoginVC.swift */; };
		8FAD7C3923A39F6400A08ED9 /* LoginSuccessVC.xib in Resources */ = {isa = PBXBuildFile; fileRef = 8FAD7B4523A39F6400A08ED9 /* LoginSuccessVC.xib */; };
		8FAD7C3A23A39F6400A08ED9 /* LoginSuccessVC.swift in Sources */ = {isa = PBXBuildFile; fileRef = 8FAD7B4623A39F6400A08ED9 /* LoginSuccessVC.swift */; };
		8FAD7C3B23A39F6400A08ED9 /* LoginVC.xib in Resources */ = {isa = PBXBuildFile; fileRef = 8FAD7B4723A39F6400A08ED9 /* LoginVC.xib */; };
		8FAD7C3C23A39F6400A08ED9 /* RegistryVC.xib in Resources */ = {isa = PBXBuildFile; fileRef = 8FAD7B4923A39F6400A08ED9 /* RegistryVC.xib */; };
		8FAD7C3D23A39F6400A08ED9 /* RegistryVC.swift in Sources */ = {isa = PBXBuildFile; fileRef = 8FAD7B4A23A39F6400A08ED9 /* RegistryVC.swift */; };
		8FAD7C3E23A39F6400A08ED9 /* GametacSDK.swift in Sources */ = {isa = PBXBuildFile; fileRef = 8FAD7B4B23A39F6400A08ED9 /* GametacSDK.swift */; };
		8FAD7C3F23A39F6400A08ED9 /* SwitchAccountVC.xib in Resources */ = {isa = PBXBuildFile; fileRef = 8FAD7B4D23A39F6400A08ED9 /* SwitchAccountVC.xib */; };
		8FAD7C4023A39F6400A08ED9 /* SwitchAccountVC.swift in Sources */ = {isa = PBXBuildFile; fileRef = 8FAD7B4E23A39F6400A08ED9 /* SwitchAccountVC.swift */; };
		8FAD7C4123A39F6400A08ED9 /* ChooseLanguageVC.swift in Sources */ = {isa = PBXBuildFile; fileRef = 8FAD7B5023A39F6400A08ED9 /* ChooseLanguageVC.swift */; };
		8FAD7C4223A39F6400A08ED9 /* ChooseLanguageVC.xib in Resources */ = {isa = PBXBuildFile; fileRef = 8FAD7B5123A39F6400A08ED9 /* ChooseLanguageVC.xib */; };
		8FAD7C4323A39F6400A08ED9 /* ConfirmLanguageVC.xib in Resources */ = {isa = PBXBuildFile; fileRef = 8FAD7B5323A39F6400A08ED9 /* ConfirmLanguageVC.xib */; };
		8FAD7C4423A39F6400A08ED9 /* ConfirmLanguageVC.swift in Sources */ = {isa = PBXBuildFile; fileRef = 8FAD7B5423A39F6400A08ED9 /* ConfirmLanguageVC.swift */; };
		8FAD7C4523A39F6400A08ED9 /* PhotoSelectedCell.xib in Resources */ = {isa = PBXBuildFile; fileRef = 8FAD7B5823A39F6400A08ED9 /* PhotoSelectedCell.xib */; };
		8FAD7C4623A39F6400A08ED9 /* PhotoSelectedCell.swift in Sources */ = {isa = PBXBuildFile; fileRef = 8FAD7B5923A39F6400A08ED9 /* PhotoSelectedCell.swift */; };
		8FAD7C4723A39F6400A08ED9 /* ReportVC.xib in Resources */ = {isa = PBXBuildFile; fileRef = 8FAD7B5A23A39F6400A08ED9 /* ReportVC.xib */; };
		8FAD7C4823A39F6400A08ED9 /* ReportVC.swift in Sources */ = {isa = PBXBuildFile; fileRef = 8FAD7B5B23A39F6400A08ED9 /* ReportVC.swift */; };
		8FAD7C4923A39F6400A08ED9 /* DashBroadVC.xib in Resources */ = {isa = PBXBuildFile; fileRef = 8FAD7B5C23A39F6400A08ED9 /* DashBroadVC.xib */; };
		8FAD7C4A23A39F6400A08ED9 /* UserInfoVC.swift in Sources */ = {isa = PBXBuildFile; fileRef = 8FAD7B5E23A39F6400A08ED9 /* UserInfoVC.swift */; };
		8FAD7C4B23A39F6400A08ED9 /* UserInfoVC.xib in Resources */ = {isa = PBXBuildFile; fileRef = 8FAD7B5F23A39F6400A08ED9 /* UserInfoVC.xib */; };
		8FAD7C4C23A39F6400A08ED9 /* ChangeProfileVC.swift in Sources */ = {isa = PBXBuildFile; fileRef = 8FAD7B6123A39F6400A08ED9 /* ChangeProfileVC.swift */; };
		8FAD7C4D23A39F6400A08ED9 /* ChangeProfileVC.xib in Resources */ = {isa = PBXBuildFile; fileRef = 8FAD7B6223A39F6400A08ED9 /* ChangeProfileVC.xib */; };
		8FAD7C4E23A39F6400A08ED9 /* DashBroadVC.swift in Sources */ = {isa = PBXBuildFile; fileRef = 8FAD7B6323A39F6400A08ED9 /* DashBroadVC.swift */; };
		8FAD7C4F23A39F6400A08ED9 /* NotiCell.swift in Sources */ = {isa = PBXBuildFile; fileRef = 8FAD7B6623A39F6400A08ED9 /* NotiCell.swift */; };
		8FAD7C5023A39F6400A08ED9 /* NotiCell.xib in Resources */ = {isa = PBXBuildFile; fileRef = 8FAD7B6723A39F6400A08ED9 /* NotiCell.xib */; };
		8FAD7C5123A39F6400A08ED9 /* NotifVC.xib in Resources */ = {isa = PBXBuildFile; fileRef = 8FAD7B6823A39F6400A08ED9 /* NotifVC.xib */; };
		8FAD7C5223A39F6400A08ED9 /* DetailNotiVC.xib in Resources */ = {isa = PBXBuildFile; fileRef = 8FAD7B6A23A39F6400A08ED9 /* DetailNotiVC.xib */; };
		8FAD7C5323A39F6400A08ED9 /* DetailNotiVC.swift in Sources */ = {isa = PBXBuildFile; fileRef = 8FAD7B6B23A39F6400A08ED9 /* DetailNotiVC.swift */; };
		8FAD7C5423A39F6400A08ED9 /* NewsVC.xib in Resources */ = {isa = PBXBuildFile; fileRef = 8FAD7B6D23A39F6400A08ED9 /* NewsVC.xib */; };
		8FAD7C5523A39F6400A08ED9 /* NewsVC.swift in Sources */ = {isa = PBXBuildFile; fileRef = 8FAD7B6E23A39F6400A08ED9 /* NewsVC.swift */; };
		8FAD7C5623A39F6400A08ED9 /* PopupVC.xib in Resources */ = {isa = PBXBuildFile; fileRef = 8FAD7B7023A39F6400A08ED9 /* PopupVC.xib */; };
		8FAD7C5723A39F6400A08ED9 /* PopupVC.swift in Sources */ = {isa = PBXBuildFile; fileRef = 8FAD7B7123A39F6400A08ED9 /* PopupVC.swift */; };
		8FAD7C5823A39F6400A08ED9 /* NotifVC.swift in Sources */ = {isa = PBXBuildFile; fileRef = 8FAD7B7223A39F6400A08ED9 /* NotifVC.swift */; };
		8FAD7C5923A39F6400A08ED9 /* InAppPurchaseVC.xib in Resources */ = {isa = PBXBuildFile; fileRef = 8FAD7B7523A39F6400A08ED9 /* InAppPurchaseVC.xib */; };
		8FAD7C5A23A39F6400A08ED9 /* InAppPurchaseVC.swift in Sources */ = {isa = PBXBuildFile; fileRef = 8FAD7B7623A39F6400A08ED9 /* InAppPurchaseVC.swift */; };
		8FAD7C5B23A39F6400A08ED9 /* IAPCell.xib in Resources */ = {isa = PBXBuildFile; fileRef = 8FAD7B7823A39F6400A08ED9 /* IAPCell.xib */; };
		8FAD7C5C23A39F6400A08ED9 /* IAPCell.swift in Sources */ = {isa = PBXBuildFile; fileRef = 8FAD7B7923A39F6400A08ED9 /* IAPCell.swift */; };
		8FAD7C5D23A39F6400A08ED9 /* PKIAPHandler.swift in Sources */ = {isa = PBXBuildFile; fileRef = 8FAD7B7A23A39F6400A08ED9 /* PKIAPHandler.swift */; };
		8FAD7C5E23A39F6400A08ED9 /* IAPService.swift in Sources */ = {isa = PBXBuildFile; fileRef = 8FAD7B7C23A39F6400A08ED9 /* IAPService.swift */; };
		8FAD7C5F23A39F6400A08ED9 /* NSNetRequest.swift in Sources */ = {isa = PBXBuildFile; fileRef = 8FAD7B7F23A39F6400A08ED9 /* NSNetRequest.swift */; };
		8FAD7C6023A39F6400A08ED9 /* NSAuthentication.swift in Sources */ = {isa = PBXBuildFile; fileRef = 8FAD7B8023A39F6400A08ED9 /* NSAuthentication.swift */; };
		8FAD7C6123A39F6400A08ED9 /* UICustomTextField.swift in Sources */ = {isa = PBXBuildFile; fileRef = 8FAD7B8223A39F6400A08ED9 /* UICustomTextField.swift */; };
		8FAD7C6223A39F6400A08ED9 /* NumberExtension.swift in Sources */ = {isa = PBXBuildFile; fileRef = 8FAD7B8323A39F6400A08ED9 /* NumberExtension.swift */; };
		8FAD7C6323A39F6400A08ED9 /* PhotoHelper.swift in Sources */ = {isa = PBXBuildFile; fileRef = 8FAD7B8423A39F6400A08ED9 /* PhotoHelper.swift */; };
		8FAD7C6423A39F6400A08ED9 /* UITextFieldExtension.swift in Sources */ = {isa = PBXBuildFile; fileRef = 8FAD7B8523A39F6400A08ED9 /* UITextFieldExtension.swift */; };
		8FAD7C6523A39F6400A08ED9 /* UIViewExtension.swift in Sources */ = {isa = PBXBuildFile; fileRef = 8FAD7B8623A39F6400A08ED9 /* UIViewExtension.swift */; };
		8FAD7C6623A39F6400A08ED9 /* UIViewShadownExtension.swift in Sources */ = {isa = PBXBuildFile; fileRef = 8FAD7B8723A39F6400A08ED9 /* UIViewShadownExtension.swift */; };
		8FAD7C6723A39F6400A08ED9 /* TimeAgoExtension.swift in Sources */ = {isa = PBXBuildFile; fileRef = 8FAD7B8823A39F6400A08ED9 /* TimeAgoExtension.swift */; };
		8FAD7C6823A39F6400A08ED9 /* LoadingHelper.swift in Sources */ = {isa = PBXBuildFile; fileRef = 8FAD7B8923A39F6400A08ED9 /* LoadingHelper.swift */; };
		8FAD7C6923A39F6400A08ED9 /* StringExtension.swift in Sources */ = {isa = PBXBuildFile; fileRef = 8FAD7B8A23A39F6400A08ED9 /* StringExtension.swift */; };
		8FAD7C6A23A39F6400A08ED9 /* UIImageExtension.swift in Sources */ = {isa = PBXBuildFile; fileRef = 8FAD7B8B23A39F6400A08ED9 /* UIImageExtension.swift */; };
		8FAD7C6B23A39F6400A08ED9 /* UIApplication.swift in Sources */ = {isa = PBXBuildFile; fileRef = 8FAD7B8C23A39F6400A08ED9 /* UIApplication.swift */; };
		8FAD7C6C23A39F6400A08ED9 /* ServiceButton.swift in Sources */ = {isa = PBXBuildFile; fileRef = 8FAD7B8D23A39F6400A08ED9 /* ServiceButton.swift */; };
		8FAD7C6D23A39F6400A08ED9 /* MyExtension.swift in Sources */ = {isa = PBXBuildFile; fileRef = 8FAD7B8E23A39F6400A08ED9 /* MyExtension.swift */; };
		8FAD7C6E23A39F6400A08ED9 /* AlertHelper.swift in Sources */ = {isa = PBXBuildFile; fileRef = 8FAD7B9023A39F6400A08ED9 /* AlertHelper.swift */; };
		8FAD7C6F23A39F6400A08ED9 /* UILabel+UIDatePicker.swift in Sources */ = {isa = PBXBuildFile; fileRef = 8FAD7B9123A39F6400A08ED9 /* UILabel+UIDatePicker.swift */; };
		8FAD7C7023A39F6400A08ED9 /* MyHelper.swift in Sources */ = {isa = PBXBuildFile; fileRef = 8FAD7B9223A39F6400A08ED9 /* MyHelper.swift */; };
		8FAD7C7123A39F6400A08ED9 /* ScreenHelper.swift in Sources */ = {isa = PBXBuildFile; fileRef = 8FAD7B9323A39F6400A08ED9 /* ScreenHelper.swift */; };
		8FAD7C7223A39F6400A08ED9 /* UserServices.swift in Sources */ = {isa = PBXBuildFile; fileRef = 8FAD7B9523A39F6400A08ED9 /* UserServices.swift */; };
		8FAD7C7323A39F6400A08ED9 /* Model.swift in Sources */ = {isa = PBXBuildFile; fileRef = 8FAD7B9623A39F6400A08ED9 /* Model.swift */; };
		8FAD7C7423A39F6400A08ED9 /* NSFormValidation.swift in Sources */ = {isa = PBXBuildFile; fileRef = 8FAD7B9823A39F6400A08ED9 /* NSFormValidation.swift */; };
		8FAD7C7523A39F6400A08ED9 /* KeyboardLayoutConstraint.swift in Sources */ = {isa = PBXBuildFile; fileRef = 8FAD7B9923A39F6400A08ED9 /* KeyboardLayoutConstraint.swift */; };
		8FAD7C7623A39F6400A08ED9 /* ExtensionColor.swift in Sources */ = {isa = PBXBuildFile; fileRef = 8FAD7B9B23A39F6400A08ED9 /* ExtensionColor.swift */; };
		8FAD7C7723A39F6400A08ED9 /* DesignableUITextField.swift in Sources */ = {isa = PBXBuildFile; fileRef = 8FAD7B9C23A39F6400A08ED9 /* DesignableUITextField.swift */; };
		8FAD7CA523A39F6400A08ED9 /* MessageModels.swift in Sources */ = {isa = PBXBuildFile; fileRef = 8FAD7C0423A39F6400A08ED9 /* MessageModels.swift */; };
		8FAD7CA623A39F6400A08ED9 /* MessageService.swift in Sources */ = {isa = PBXBuildFile; fileRef = 8FAD7C0623A39F6400A08ED9 /* MessageService.swift */; };
		8FAD7CA723A39F6400A08ED9 /* NotificationTVC.xib in Resources */ = {isa = PBXBuildFile; fileRef = 8FAD7C0923A39F6400A08ED9 /* NotificationTVC.xib */; };
		8FAD7CA823A39F6400A08ED9 /* NotificationVC.xib in Resources */ = {isa = PBXBuildFile; fileRef = 8FAD7C0A23A39F6400A08ED9 /* NotificationVC.xib */; };
		8FAD7CA923A39F6400A08ED9 /* NotificationTVC.swift in Sources */ = {isa = PBXBuildFile; fileRef = 8FAD7C0B23A39F6400A08ED9 /* NotificationTVC.swift */; };
		8FAD7CAA23A39F6400A08ED9 /* NotificationVC.swift in Sources */ = {isa = PBXBuildFile; fileRef = 8FAD7C0C23A39F6400A08ED9 /* NotificationVC.swift */; };
		8FAD7CAB23A39F6400A08ED9 /* NotificationService.swift in Sources */ = {isa = PBXBuildFile; fileRef = 8FAD7C0D23A39F6400A08ED9 /* NotificationService.swift */; };
		8FAD7CAC23A39F6400A08ED9 /* NotificationStruct.swift in Sources */ = {isa = PBXBuildFile; fileRef = 8FAD7C0E23A39F6400A08ED9 /* NotificationStruct.swift */; };
		8FAD7CAD23A39F6400A08ED9 /* ChangePasswordVC.xib in Resources */ = {isa = PBXBuildFile; fileRef = 8FAD7C1123A39F6400A08ED9 /* ChangePasswordVC.xib */; };
		8FAD7CAE23A39F6400A08ED9 /* UserProfileVC.swift in Sources */ = {isa = PBXBuildFile; fileRef = 8FAD7C1223A39F6400A08ED9 /* UserProfileVC.swift */; };
		8FAD7CAF23A39F6400A08ED9 /* ChangePasswordVC.swift in Sources */ = {isa = PBXBuildFile; fileRef = 8FAD7C1323A39F6400A08ED9 /* ChangePasswordVC.swift */; };
		8FAD7CB023A39F6400A08ED9 /* UserProfileVC.xib in Resources */ = {isa = PBXBuildFile; fileRef = 8FAD7C1423A39F6400A08ED9 /* UserProfileVC.xib */; };
		8FAD7CB123A39F6400A08ED9 /* Media.xcassets in Resources */ = {isa = PBXBuildFile; fileRef = 8FAD7C1523A39F6400A08ED9 /* Media.xcassets */; };
		8FAD7CB223A39F6400A08ED9 /* UserModel.swift in Sources */ = {isa = PBXBuildFile; fileRef = 8FAD7C1623A39F6400A08ED9 /* UserModel.swift */; };
		8FAD7CC823A39F6400A08ED9 /* CustomSegmentedControl.swift in Sources */ = {isa = PBXBuildFile; fileRef = 8FAD7C3523A39F6400A08ED9 /* CustomSegmentedControl.swift */; };
		F64A153EC1185E43BC747092 /* Pods_GametacSDK_Example.framework in Frameworks */ = {isa = PBXBuildFile; fileRef = A287E23E5F69ADEB5C1AE1FF /* Pods_GametacSDK_Example.framework */; };
/* End PBXBuildFile section */

/* Begin PBXContainerItemProxy section */
		607FACE61AFB9204008FA782 /* PBXContainerItemProxy */ = {
			isa = PBXContainerItemProxy;
			containerPortal = 607FACC81AFB9204008FA782 /* Project object */;
			proxyType = 1;
			remoteGlobalIDString = 607FACCF1AFB9204008FA782;
			remoteInfo = GametacSDK;
		};
/* End PBXContainerItemProxy section */

/* Begin PBXFileReference section */
		14D73C3F252A784617CDA986 /* Pods-GametacSDK_Example.release.xcconfig */ = {isa = PBXFileReference; includeInIndex = 1; lastKnownFileType = text.xcconfig; name = "Pods-GametacSDK_Example.release.xcconfig"; path = "Target Support Files/Pods-GametacSDK_Example/Pods-GametacSDK_Example.release.xcconfig"; sourceTree = "<group>"; };
		3AA1E26BE853BC4B2E57C50D /* README.md */ = {isa = PBXFileReference; includeInIndex = 1; lastKnownFileType = net.daringfireball.markdown; name = README.md; path = ../README.md; sourceTree = "<group>"; };
		3C1EDBA8169D0080C263F3A9 /* Pods_GametacSDK_Tests.framework */ = {isa = PBXFileReference; explicitFileType = wrapper.framework; includeInIndex = 0; path = Pods_GametacSDK_Tests.framework; sourceTree = BUILT_PRODUCTS_DIR; };
		607FACD01AFB9204008FA782 /* GametacSDK_Example.app */ = {isa = PBXFileReference; explicitFileType = wrapper.application; includeInIndex = 0; path = GametacSDK_Example.app; sourceTree = BUILT_PRODUCTS_DIR; };
		607FACD41AFB9204008FA782 /* Info.plist */ = {isa = PBXFileReference; lastKnownFileType = text.plist.xml; path = Info.plist; sourceTree = "<group>"; };
		607FACD51AFB9204008FA782 /* AppDelegate.swift */ = {isa = PBXFileReference; lastKnownFileType = sourcecode.swift; path = AppDelegate.swift; sourceTree = "<group>"; };
		607FACD71AFB9204008FA782 /* ViewController.swift */ = {isa = PBXFileReference; lastKnownFileType = sourcecode.swift; path = ViewController.swift; sourceTree = "<group>"; };
		607FACDA1AFB9204008FA782 /* Base */ = {isa = PBXFileReference; lastKnownFileType = file.storyboard; name = Base; path = Base.lproj/Main.storyboard; sourceTree = "<group>"; };
		607FACDC1AFB9204008FA782 /* Images.xcassets */ = {isa = PBXFileReference; lastKnownFileType = folder.assetcatalog; path = Images.xcassets; sourceTree = "<group>"; };
		607FACDF1AFB9204008FA782 /* Base */ = {isa = PBXFileReference; lastKnownFileType = file.xib; name = Base; path = Base.lproj/LaunchScreen.xib; sourceTree = "<group>"; };
		607FACE51AFB9204008FA782 /* GametacSDK_Tests.xctest */ = {isa = PBXFileReference; explicitFileType = wrapper.cfbundle; includeInIndex = 0; path = GametacSDK_Tests.xctest; sourceTree = BUILT_PRODUCTS_DIR; };
		607FACEA1AFB9204008FA782 /* Info.plist */ = {isa = PBXFileReference; lastKnownFileType = text.plist.xml; path = Info.plist; sourceTree = "<group>"; };
		607FACEB1AFB9204008FA782 /* Tests.swift */ = {isa = PBXFileReference; lastKnownFileType = sourcecode.swift; path = Tests.swift; sourceTree = "<group>"; };
		63B257192C9E346BE17B9602 /* LICENSE */ = {isa = PBXFileReference; includeInIndex = 1; lastKnownFileType = text; name = LICENSE; path = ../LICENSE; sourceTree = "<group>"; };
		8F84EC6F23AA896000AA2F24 /* GoogleService-Info.plist */ = {isa = PBXFileReference; fileEncoding = 4; lastKnownFileType = text.plist.xml; path = "GoogleService-Info.plist"; sourceTree = "<group>"; };
		8FAD7A7923A3910F00A08ED9 /* Assets.xcassets */ = {isa = PBXFileReference; lastKnownFileType = folder.assetcatalog; path = Assets.xcassets; sourceTree = "<group>"; };
		8FAD7A7B23A3910F00A08ED9 /* OpenSans-Semibold.ttf */ = {isa = PBXFileReference; lastKnownFileType = file; path = "OpenSans-Semibold.ttf"; sourceTree = "<group>"; };
		8FAD7A7C23A3910F00A08ED9 /* OpenSans-Light.ttf */ = {isa = PBXFileReference; lastKnownFileType = file; path = "OpenSans-Light.ttf"; sourceTree = "<group>"; };
		8FAD7A7D23A3910F00A08ED9 /* OpenSans-Italic.ttf */ = {isa = PBXFileReference; lastKnownFileType = file; path = "OpenSans-Italic.ttf"; sourceTree = "<group>"; };
		8FAD7A7E23A3910F00A08ED9 /* Apache License.txt */ = {isa = PBXFileReference; fileEncoding = 4; lastKnownFileType = text; path = "Apache License.txt"; sourceTree = "<group>"; };
		8FAD7A7F23A3910F00A08ED9 /* OpenSans-ExtraBold.ttf */ = {isa = PBXFileReference; lastKnownFileType = file; path = "OpenSans-ExtraBold.ttf"; sourceTree = "<group>"; };
		8FAD7A8023A3910F00A08ED9 /* OpenSans-LightItalic.ttf */ = {isa = PBXFileReference; lastKnownFileType = file; path = "OpenSans-LightItalic.ttf"; sourceTree = "<group>"; };
		8FAD7A8123A3910F00A08ED9 /* OpenSans-Bold.ttf */ = {isa = PBXFileReference; lastKnownFileType = file; path = "OpenSans-Bold.ttf"; sourceTree = "<group>"; };
		8FAD7A8223A3910F00A08ED9 /* OpenSans-SemiboldItalic.ttf */ = {isa = PBXFileReference; lastKnownFileType = file; path = "OpenSans-SemiboldItalic.ttf"; sourceTree = "<group>"; };
		8FAD7A8323A3910F00A08ED9 /* OpenSans-ExtraBoldItalic.ttf */ = {isa = PBXFileReference; lastKnownFileType = file; path = "OpenSans-ExtraBoldItalic.ttf"; sourceTree = "<group>"; };
		8FAD7A8423A3910F00A08ED9 /* OpenSans-Regular.ttf */ = {isa = PBXFileReference; lastKnownFileType = file; path = "OpenSans-Regular.ttf"; sourceTree = "<group>"; };
		8FAD7A8523A3910F00A08ED9 /* OpenSans-BoldItalic.ttf */ = {isa = PBXFileReference; lastKnownFileType = file; path = "OpenSans-BoldItalic.ttf"; sourceTree = "<group>"; };
		8FAD7B4023A39F6400A08ED9 /* PopupNotice.xib */ = {isa = PBXFileReference; fileEncoding = 4; lastKnownFileType = file.xib; path = PopupNotice.xib; sourceTree = "<group>"; };
		8FAD7B4123A39F6400A08ED9 /* PopupNotice.swift */ = {isa = PBXFileReference; fileEncoding = 4; lastKnownFileType = sourcecode.swift; path = PopupNotice.swift; sourceTree = "<group>"; };
		8FAD7B4323A39F6400A08ED9 /* LoginVC.swift */ = {isa = PBXFileReference; fileEncoding = 4; lastKnownFileType = sourcecode.swift; path = LoginVC.swift; sourceTree = "<group>"; };
		8FAD7B4523A39F6400A08ED9 /* LoginSuccessVC.xib */ = {isa = PBXFileReference; fileEncoding = 4; lastKnownFileType = file.xib; path = LoginSuccessVC.xib; sourceTree = "<group>"; };
		8FAD7B4623A39F6400A08ED9 /* LoginSuccessVC.swift */ = {isa = PBXFileReference; fileEncoding = 4; lastKnownFileType = sourcecode.swift; path = LoginSuccessVC.swift; sourceTree = "<group>"; };
		8FAD7B4723A39F6400A08ED9 /* LoginVC.xib */ = {isa = PBXFileReference; fileEncoding = 4; lastKnownFileType = file.xib; path = LoginVC.xib; sourceTree = "<group>"; };
		8FAD7B4923A39F6400A08ED9 /* RegistryVC.xib */ = {isa = PBXFileReference; fileEncoding = 4; lastKnownFileType = file.xib; path = RegistryVC.xib; sourceTree = "<group>"; };
		8FAD7B4A23A39F6400A08ED9 /* RegistryVC.swift */ = {isa = PBXFileReference; fileEncoding = 4; lastKnownFileType = sourcecode.swift; path = RegistryVC.swift; sourceTree = "<group>"; };
		8FAD7B4B23A39F6400A08ED9 /* GametacSDK.swift */ = {isa = PBXFileReference; fileEncoding = 4; lastKnownFileType = sourcecode.swift; path = GametacSDK.swift; sourceTree = "<group>"; };
		8FAD7B4D23A39F6400A08ED9 /* SwitchAccountVC.xib */ = {isa = PBXFileReference; fileEncoding = 4; lastKnownFileType = file.xib; path = SwitchAccountVC.xib; sourceTree = "<group>"; };
		8FAD7B4E23A39F6400A08ED9 /* SwitchAccountVC.swift */ = {isa = PBXFileReference; fileEncoding = 4; lastKnownFileType = sourcecode.swift; path = SwitchAccountVC.swift; sourceTree = "<group>"; };
		8FAD7B5023A39F6400A08ED9 /* ChooseLanguageVC.swift */ = {isa = PBXFileReference; fileEncoding = 4; lastKnownFileType = sourcecode.swift; path = ChooseLanguageVC.swift; sourceTree = "<group>"; };
		8FAD7B5123A39F6400A08ED9 /* ChooseLanguageVC.xib */ = {isa = PBXFileReference; fileEncoding = 4; lastKnownFileType = file.xib; path = ChooseLanguageVC.xib; sourceTree = "<group>"; };
		8FAD7B5323A39F6400A08ED9 /* ConfirmLanguageVC.xib */ = {isa = PBXFileReference; fileEncoding = 4; lastKnownFileType = file.xib; path = ConfirmLanguageVC.xib; sourceTree = "<group>"; };
		8FAD7B5423A39F6400A08ED9 /* ConfirmLanguageVC.swift */ = {isa = PBXFileReference; fileEncoding = 4; lastKnownFileType = sourcecode.swift; path = ConfirmLanguageVC.swift; sourceTree = "<group>"; };
		8FAD7B5823A39F6400A08ED9 /* PhotoSelectedCell.xib */ = {isa = PBXFileReference; fileEncoding = 4; lastKnownFileType = file.xib; path = PhotoSelectedCell.xib; sourceTree = "<group>"; };
		8FAD7B5923A39F6400A08ED9 /* PhotoSelectedCell.swift */ = {isa = PBXFileReference; fileEncoding = 4; lastKnownFileType = sourcecode.swift; path = PhotoSelectedCell.swift; sourceTree = "<group>"; };
		8FAD7B5A23A39F6400A08ED9 /* ReportVC.xib */ = {isa = PBXFileReference; fileEncoding = 4; lastKnownFileType = file.xib; path = ReportVC.xib; sourceTree = "<group>"; };
		8FAD7B5B23A39F6400A08ED9 /* ReportVC.swift */ = {isa = PBXFileReference; fileEncoding = 4; lastKnownFileType = sourcecode.swift; path = ReportVC.swift; sourceTree = "<group>"; };
		8FAD7B5C23A39F6400A08ED9 /* DashBroadVC.xib */ = {isa = PBXFileReference; fileEncoding = 4; lastKnownFileType = file.xib; path = DashBroadVC.xib; sourceTree = "<group>"; };
		8FAD7B5E23A39F6400A08ED9 /* UserInfoVC.swift */ = {isa = PBXFileReference; fileEncoding = 4; lastKnownFileType = sourcecode.swift; path = UserInfoVC.swift; sourceTree = "<group>"; };
		8FAD7B5F23A39F6400A08ED9 /* UserInfoVC.xib */ = {isa = PBXFileReference; fileEncoding = 4; lastKnownFileType = file.xib; path = UserInfoVC.xib; sourceTree = "<group>"; };
		8FAD7B6123A39F6400A08ED9 /* ChangeProfileVC.swift */ = {isa = PBXFileReference; fileEncoding = 4; lastKnownFileType = sourcecode.swift; path = ChangeProfileVC.swift; sourceTree = "<group>"; };
		8FAD7B6223A39F6400A08ED9 /* ChangeProfileVC.xib */ = {isa = PBXFileReference; fileEncoding = 4; lastKnownFileType = file.xib; path = ChangeProfileVC.xib; sourceTree = "<group>"; };
		8FAD7B6323A39F6400A08ED9 /* DashBroadVC.swift */ = {isa = PBXFileReference; fileEncoding = 4; lastKnownFileType = sourcecode.swift; path = DashBroadVC.swift; sourceTree = "<group>"; };
		8FAD7B6623A39F6400A08ED9 /* NotiCell.swift */ = {isa = PBXFileReference; fileEncoding = 4; lastKnownFileType = sourcecode.swift; path = NotiCell.swift; sourceTree = "<group>"; };
		8FAD7B6723A39F6400A08ED9 /* NotiCell.xib */ = {isa = PBXFileReference; fileEncoding = 4; lastKnownFileType = file.xib; path = NotiCell.xib; sourceTree = "<group>"; };
		8FAD7B6823A39F6400A08ED9 /* NotifVC.xib */ = {isa = PBXFileReference; fileEncoding = 4; lastKnownFileType = file.xib; path = NotifVC.xib; sourceTree = "<group>"; };
		8FAD7B6A23A39F6400A08ED9 /* DetailNotiVC.xib */ = {isa = PBXFileReference; fileEncoding = 4; lastKnownFileType = file.xib; path = DetailNotiVC.xib; sourceTree = "<group>"; };
		8FAD7B6B23A39F6400A08ED9 /* DetailNotiVC.swift */ = {isa = PBXFileReference; fileEncoding = 4; lastKnownFileType = sourcecode.swift; path = DetailNotiVC.swift; sourceTree = "<group>"; };
		8FAD7B6D23A39F6400A08ED9 /* NewsVC.xib */ = {isa = PBXFileReference; fileEncoding = 4; lastKnownFileType = file.xib; path = NewsVC.xib; sourceTree = "<group>"; };
		8FAD7B6E23A39F6400A08ED9 /* NewsVC.swift */ = {isa = PBXFileReference; fileEncoding = 4; lastKnownFileType = sourcecode.swift; path = NewsVC.swift; sourceTree = "<group>"; };
		8FAD7B7023A39F6400A08ED9 /* PopupVC.xib */ = {isa = PBXFileReference; fileEncoding = 4; lastKnownFileType = file.xib; path = PopupVC.xib; sourceTree = "<group>"; };
		8FAD7B7123A39F6400A08ED9 /* PopupVC.swift */ = {isa = PBXFileReference; fileEncoding = 4; lastKnownFileType = sourcecode.swift; path = PopupVC.swift; sourceTree = "<group>"; };
		8FAD7B7223A39F6400A08ED9 /* NotifVC.swift */ = {isa = PBXFileReference; fileEncoding = 4; lastKnownFileType = sourcecode.swift; path = NotifVC.swift; sourceTree = "<group>"; };
		8FAD7B7523A39F6400A08ED9 /* InAppPurchaseVC.xib */ = {isa = PBXFileReference; fileEncoding = 4; lastKnownFileType = file.xib; path = InAppPurchaseVC.xib; sourceTree = "<group>"; };
		8FAD7B7623A39F6400A08ED9 /* InAppPurchaseVC.swift */ = {isa = PBXFileReference; fileEncoding = 4; lastKnownFileType = sourcecode.swift; path = InAppPurchaseVC.swift; sourceTree = "<group>"; };
		8FAD7B7823A39F6400A08ED9 /* IAPCell.xib */ = {isa = PBXFileReference; fileEncoding = 4; lastKnownFileType = file.xib; path = IAPCell.xib; sourceTree = "<group>"; };
		8FAD7B7923A39F6400A08ED9 /* IAPCell.swift */ = {isa = PBXFileReference; fileEncoding = 4; lastKnownFileType = sourcecode.swift; path = IAPCell.swift; sourceTree = "<group>"; };
		8FAD7B7A23A39F6400A08ED9 /* PKIAPHandler.swift */ = {isa = PBXFileReference; fileEncoding = 4; lastKnownFileType = sourcecode.swift; path = PKIAPHandler.swift; sourceTree = "<group>"; };
		8FAD7B7C23A39F6400A08ED9 /* IAPService.swift */ = {isa = PBXFileReference; fileEncoding = 4; lastKnownFileType = sourcecode.swift; path = IAPService.swift; sourceTree = "<group>"; };
		8FAD7B7F23A39F6400A08ED9 /* NSNetRequest.swift */ = {isa = PBXFileReference; fileEncoding = 4; lastKnownFileType = sourcecode.swift; path = NSNetRequest.swift; sourceTree = "<group>"; };
		8FAD7B8023A39F6400A08ED9 /* NSAuthentication.swift */ = {isa = PBXFileReference; fileEncoding = 4; lastKnownFileType = sourcecode.swift; path = NSAuthentication.swift; sourceTree = "<group>"; };
		8FAD7B8223A39F6400A08ED9 /* UICustomTextField.swift */ = {isa = PBXFileReference; fileEncoding = 4; lastKnownFileType = sourcecode.swift; path = UICustomTextField.swift; sourceTree = "<group>"; };
		8FAD7B8323A39F6400A08ED9 /* NumberExtension.swift */ = {isa = PBXFileReference; fileEncoding = 4; lastKnownFileType = sourcecode.swift; path = NumberExtension.swift; sourceTree = "<group>"; };
		8FAD7B8423A39F6400A08ED9 /* PhotoHelper.swift */ = {isa = PBXFileReference; fileEncoding = 4; lastKnownFileType = sourcecode.swift; path = PhotoHelper.swift; sourceTree = "<group>"; };
		8FAD7B8523A39F6400A08ED9 /* UITextFieldExtension.swift */ = {isa = PBXFileReference; fileEncoding = 4; lastKnownFileType = sourcecode.swift; path = UITextFieldExtension.swift; sourceTree = "<group>"; };
		8FAD7B8623A39F6400A08ED9 /* UIViewExtension.swift */ = {isa = PBXFileReference; fileEncoding = 4; lastKnownFileType = sourcecode.swift; path = UIViewExtension.swift; sourceTree = "<group>"; };
		8FAD7B8723A39F6400A08ED9 /* UIViewShadownExtension.swift */ = {isa = PBXFileReference; fileEncoding = 4; lastKnownFileType = sourcecode.swift; path = UIViewShadownExtension.swift; sourceTree = "<group>"; };
		8FAD7B8823A39F6400A08ED9 /* TimeAgoExtension.swift */ = {isa = PBXFileReference; fileEncoding = 4; lastKnownFileType = sourcecode.swift; path = TimeAgoExtension.swift; sourceTree = "<group>"; };
		8FAD7B8923A39F6400A08ED9 /* LoadingHelper.swift */ = {isa = PBXFileReference; fileEncoding = 4; lastKnownFileType = sourcecode.swift; path = LoadingHelper.swift; sourceTree = "<group>"; };
		8FAD7B8A23A39F6400A08ED9 /* StringExtension.swift */ = {isa = PBXFileReference; fileEncoding = 4; lastKnownFileType = sourcecode.swift; path = StringExtension.swift; sourceTree = "<group>"; };
		8FAD7B8B23A39F6400A08ED9 /* UIImageExtension.swift */ = {isa = PBXFileReference; fileEncoding = 4; lastKnownFileType = sourcecode.swift; path = UIImageExtension.swift; sourceTree = "<group>"; };
		8FAD7B8C23A39F6400A08ED9 /* UIApplication.swift */ = {isa = PBXFileReference; fileEncoding = 4; lastKnownFileType = sourcecode.swift; path = UIApplication.swift; sourceTree = "<group>"; };
		8FAD7B8D23A39F6400A08ED9 /* ServiceButton.swift */ = {isa = PBXFileReference; fileEncoding = 4; lastKnownFileType = sourcecode.swift; path = ServiceButton.swift; sourceTree = "<group>"; };
		8FAD7B8E23A39F6400A08ED9 /* MyExtension.swift */ = {isa = PBXFileReference; fileEncoding = 4; lastKnownFileType = sourcecode.swift; path = MyExtension.swift; sourceTree = "<group>"; };
		8FAD7B9023A39F6400A08ED9 /* AlertHelper.swift */ = {isa = PBXFileReference; fileEncoding = 4; lastKnownFileType = sourcecode.swift; path = AlertHelper.swift; sourceTree = "<group>"; };
		8FAD7B9123A39F6400A08ED9 /* UILabel+UIDatePicker.swift */ = {isa = PBXFileReference; fileEncoding = 4; lastKnownFileType = sourcecode.swift; path = "UILabel+UIDatePicker.swift"; sourceTree = "<group>"; };
		8FAD7B9223A39F6400A08ED9 /* MyHelper.swift */ = {isa = PBXFileReference; fileEncoding = 4; lastKnownFileType = sourcecode.swift; path = MyHelper.swift; sourceTree = "<group>"; };
		8FAD7B9323A39F6400A08ED9 /* ScreenHelper.swift */ = {isa = PBXFileReference; fileEncoding = 4; lastKnownFileType = sourcecode.swift; path = ScreenHelper.swift; sourceTree = "<group>"; };
		8FAD7B9523A39F6400A08ED9 /* UserServices.swift */ = {isa = PBXFileReference; fileEncoding = 4; lastKnownFileType = sourcecode.swift; path = UserServices.swift; sourceTree = "<group>"; };
		8FAD7B9623A39F6400A08ED9 /* Model.swift */ = {isa = PBXFileReference; fileEncoding = 4; lastKnownFileType = sourcecode.swift; path = Model.swift; sourceTree = "<group>"; };
		8FAD7B9823A39F6400A08ED9 /* NSFormValidation.swift */ = {isa = PBXFileReference; fileEncoding = 4; lastKnownFileType = sourcecode.swift; path = NSFormValidation.swift; sourceTree = "<group>"; };
		8FAD7B9923A39F6400A08ED9 /* KeyboardLayoutConstraint.swift */ = {isa = PBXFileReference; fileEncoding = 4; lastKnownFileType = sourcecode.swift; path = KeyboardLayoutConstraint.swift; sourceTree = "<group>"; };
		8FAD7B9B23A39F6400A08ED9 /* ExtensionColor.swift */ = {isa = PBXFileReference; fileEncoding = 4; lastKnownFileType = sourcecode.swift; path = ExtensionColor.swift; sourceTree = "<group>"; };
		8FAD7B9C23A39F6400A08ED9 /* DesignableUITextField.swift */ = {isa = PBXFileReference; fileEncoding = 4; lastKnownFileType = sourcecode.swift; path = DesignableUITextField.swift; sourceTree = "<group>"; };
		8FAD7C0423A39F6400A08ED9 /* MessageModels.swift */ = {isa = PBXFileReference; fileEncoding = 4; lastKnownFileType = sourcecode.swift; path = MessageModels.swift; sourceTree = "<group>"; };
		8FAD7C0623A39F6400A08ED9 /* MessageService.swift */ = {isa = PBXFileReference; fileEncoding = 4; lastKnownFileType = sourcecode.swift; path = MessageService.swift; sourceTree = "<group>"; };
		8FAD7C0923A39F6400A08ED9 /* NotificationTVC.xib */ = {isa = PBXFileReference; fileEncoding = 4; lastKnownFileType = file.xib; path = NotificationTVC.xib; sourceTree = "<group>"; };
		8FAD7C0A23A39F6400A08ED9 /* NotificationVC.xib */ = {isa = PBXFileReference; fileEncoding = 4; lastKnownFileType = file.xib; path = NotificationVC.xib; sourceTree = "<group>"; };
		8FAD7C0B23A39F6400A08ED9 /* NotificationTVC.swift */ = {isa = PBXFileReference; fileEncoding = 4; lastKnownFileType = sourcecode.swift; path = NotificationTVC.swift; sourceTree = "<group>"; };
		8FAD7C0C23A39F6400A08ED9 /* NotificationVC.swift */ = {isa = PBXFileReference; fileEncoding = 4; lastKnownFileType = sourcecode.swift; path = NotificationVC.swift; sourceTree = "<group>"; };
		8FAD7C0D23A39F6400A08ED9 /* NotificationService.swift */ = {isa = PBXFileReference; fileEncoding = 4; lastKnownFileType = sourcecode.swift; path = NotificationService.swift; sourceTree = "<group>"; };
		8FAD7C0E23A39F6400A08ED9 /* NotificationStruct.swift */ = {isa = PBXFileReference; fileEncoding = 4; lastKnownFileType = sourcecode.swift; path = NotificationStruct.swift; sourceTree = "<group>"; };
		8FAD7C1123A39F6400A08ED9 /* ChangePasswordVC.xib */ = {isa = PBXFileReference; fileEncoding = 4; lastKnownFileType = file.xib; path = ChangePasswordVC.xib; sourceTree = "<group>"; };
		8FAD7C1223A39F6400A08ED9 /* UserProfileVC.swift */ = {isa = PBXFileReference; fileEncoding = 4; lastKnownFileType = sourcecode.swift; path = UserProfileVC.swift; sourceTree = "<group>"; };
		8FAD7C1323A39F6400A08ED9 /* ChangePasswordVC.swift */ = {isa = PBXFileReference; fileEncoding = 4; lastKnownFileType = sourcecode.swift; path = ChangePasswordVC.swift; sourceTree = "<group>"; };
		8FAD7C1423A39F6400A08ED9 /* UserProfileVC.xib */ = {isa = PBXFileReference; fileEncoding = 4; lastKnownFileType = file.xib; path = UserProfileVC.xib; sourceTree = "<group>"; };
		8FAD7C1523A39F6400A08ED9 /* Media.xcassets */ = {isa = PBXFileReference; lastKnownFileType = folder.assetcatalog; path = Media.xcassets; sourceTree = "<group>"; };
		8FAD7C1623A39F6400A08ED9 /* UserModel.swift */ = {isa = PBXFileReference; fileEncoding = 4; lastKnownFileType = sourcecode.swift; path = UserModel.swift; sourceTree = "<group>"; };
		8FAD7C3523A39F6400A08ED9 /* CustomSegmentedControl.swift */ = {isa = PBXFileReference; fileEncoding = 4; lastKnownFileType = sourcecode.swift; path = CustomSegmentedControl.swift; sourceTree = "<group>"; };
		A287E23E5F69ADEB5C1AE1FF /* Pods_GametacSDK_Example.framework */ = {isa = PBXFileReference; explicitFileType = wrapper.framework; includeInIndex = 0; path = Pods_GametacSDK_Example.framework; sourceTree = BUILT_PRODUCTS_DIR; };
		C6488F0D265FC525C3801027 /* Pods-GametacSDK_Example.debug.xcconfig */ = {isa = PBXFileReference; includeInIndex = 1; lastKnownFileType = text.xcconfig; name = "Pods-GametacSDK_Example.debug.xcconfig"; path = "Target Support Files/Pods-GametacSDK_Example/Pods-GametacSDK_Example.debug.xcconfig"; sourceTree = "<group>"; };
		C88D7F698419E8AC6BE8FB6E /* Pods-GametacSDK_Tests.release.xcconfig */ = {isa = PBXFileReference; includeInIndex = 1; lastKnownFileType = text.xcconfig; name = "Pods-GametacSDK_Tests.release.xcconfig"; path = "Target Support Files/Pods-GametacSDK_Tests/Pods-GametacSDK_Tests.release.xcconfig"; sourceTree = "<group>"; };
		E245E6E389168BC1C87B22C0 /* GametacSDK.podspec */ = {isa = PBXFileReference; includeInIndex = 1; lastKnownFileType = text; name = GametacSDK.podspec; path = ../GametacSDK.podspec; sourceTree = "<group>"; xcLanguageSpecificationIdentifier = xcode.lang.ruby; };
		FB2293279CD9FE51A54FA66A /* Pods-GametacSDK_Tests.debug.xcconfig */ = {isa = PBXFileReference; includeInIndex = 1; lastKnownFileType = text.xcconfig; name = "Pods-GametacSDK_Tests.debug.xcconfig"; path = "Target Support Files/Pods-GametacSDK_Tests/Pods-GametacSDK_Tests.debug.xcconfig"; sourceTree = "<group>"; };
/* End PBXFileReference section */

/* Begin PBXFrameworksBuildPhase section */
		607FACCD1AFB9204008FA782 /* Frameworks */ = {
			isa = PBXFrameworksBuildPhase;
			buildActionMask = 2147483647;
			files = (
				F64A153EC1185E43BC747092 /* Pods_GametacSDK_Example.framework in Frameworks */,
			);
			runOnlyForDeploymentPostprocessing = 0;
		};
		607FACE21AFB9204008FA782 /* Frameworks */ = {
			isa = PBXFrameworksBuildPhase;
			buildActionMask = 2147483647;
			files = (
				0CBE00F1C49BE1C0D9B0ED99 /* Pods_GametacSDK_Tests.framework in Frameworks */,
			);
			runOnlyForDeploymentPostprocessing = 0;
		};
/* End PBXFrameworksBuildPhase section */

/* Begin PBXGroup section */
		21E6201FC7705F7D2C6A7D71 /* Frameworks */ = {
			isa = PBXGroup;
			children = (
				A287E23E5F69ADEB5C1AE1FF /* Pods_GametacSDK_Example.framework */,
				3C1EDBA8169D0080C263F3A9 /* Pods_GametacSDK_Tests.framework */,
			);
			name = Frameworks;
			sourceTree = "<group>";
		};
		607FACC71AFB9204008FA782 = {
			isa = PBXGroup;
			children = (
				8FAD799623A3910F00A08ED9 /* GametacSDK */,
				607FACF51AFB993E008FA782 /* Podspec Metadata */,
				607FACD21AFB9204008FA782 /* Example for GametacSDK */,
				607FACE81AFB9204008FA782 /* Tests */,
				607FACD11AFB9204008FA782 /* Products */,
				BB14AEB2312386702A2E3B82 /* Pods */,
				21E6201FC7705F7D2C6A7D71 /* Frameworks */,
			);
			sourceTree = "<group>";
		};
		607FACD11AFB9204008FA782 /* Products */ = {
			isa = PBXGroup;
			children = (
				607FACD01AFB9204008FA782 /* GametacSDK_Example.app */,
				607FACE51AFB9204008FA782 /* GametacSDK_Tests.xctest */,
			);
			name = Products;
			sourceTree = "<group>";
		};
		607FACD21AFB9204008FA782 /* Example for GametacSDK */ = {
			isa = PBXGroup;
			children = (
				8F84EC6F23AA896000AA2F24 /* GoogleService-Info.plist */,
				607FACD51AFB9204008FA782 /* AppDelegate.swift */,
				607FACD71AFB9204008FA782 /* ViewController.swift */,
				607FACD91AFB9204008FA782 /* Main.storyboard */,
				607FACDC1AFB9204008FA782 /* Images.xcassets */,
				607FACDE1AFB9204008FA782 /* LaunchScreen.xib */,
				607FACD31AFB9204008FA782 /* Supporting Files */,
			);
			name = "Example for GametacSDK";
			path = GametacSDK;
			sourceTree = "<group>";
		};
		607FACD31AFB9204008FA782 /* Supporting Files */ = {
			isa = PBXGroup;
			children = (
				607FACD41AFB9204008FA782 /* Info.plist */,
			);
			name = "Supporting Files";
			sourceTree = "<group>";
		};
		607FACE81AFB9204008FA782 /* Tests */ = {
			isa = PBXGroup;
			children = (
				607FACEB1AFB9204008FA782 /* Tests.swift */,
				607FACE91AFB9204008FA782 /* Supporting Files */,
			);
			path = Tests;
			sourceTree = "<group>";
		};
		607FACE91AFB9204008FA782 /* Supporting Files */ = {
			isa = PBXGroup;
			children = (
				607FACEA1AFB9204008FA782 /* Info.plist */,
			);
			name = "Supporting Files";
			sourceTree = "<group>";
		};
		607FACF51AFB993E008FA782 /* Podspec Metadata */ = {
			isa = PBXGroup;
			children = (
				E245E6E389168BC1C87B22C0 /* GametacSDK.podspec */,
				3AA1E26BE853BC4B2E57C50D /* README.md */,
				63B257192C9E346BE17B9602 /* LICENSE */,
			);
			name = "Podspec Metadata";
			sourceTree = "<group>";
		};
		8FAD799623A3910F00A08ED9 /* GametacSDK */ = {
			isa = PBXGroup;
			children = (
				8FAD7A7A23A3910F00A08ED9 /* Font */,
				8FAD799723A3910F00A08ED9 /* Classes */,
				8FAD7A7923A3910F00A08ED9 /* Assets.xcassets */,
			);
			name = GametacSDK;
			path = ../GametacSDK;
			sourceTree = "<group>";
		};
		8FAD799723A3910F00A08ED9 /* Classes */ = {
			isa = PBXGroup;
			children = (
				8FAD7B3E23A39F6400A08ED9 /* Application */,
			);
			path = Classes;
			sourceTree = "<group>";
		};
		8FAD7A7A23A3910F00A08ED9 /* Font */ = {
			isa = PBXGroup;
			children = (
				8FAD7A7B23A3910F00A08ED9 /* OpenSans-Semibold.ttf */,
				8FAD7A7C23A3910F00A08ED9 /* OpenSans-Light.ttf */,
				8FAD7A7D23A3910F00A08ED9 /* OpenSans-Italic.ttf */,
				8FAD7A7E23A3910F00A08ED9 /* Apache License.txt */,
				8FAD7A7F23A3910F00A08ED9 /* OpenSans-ExtraBold.ttf */,
				8FAD7A8023A3910F00A08ED9 /* OpenSans-LightItalic.ttf */,
				8FAD7A8123A3910F00A08ED9 /* OpenSans-Bold.ttf */,
				8FAD7A8223A3910F00A08ED9 /* OpenSans-SemiboldItalic.ttf */,
				8FAD7A8323A3910F00A08ED9 /* OpenSans-ExtraBoldItalic.ttf */,
				8FAD7A8423A3910F00A08ED9 /* OpenSans-Regular.ttf */,
				8FAD7A8523A3910F00A08ED9 /* OpenSans-BoldItalic.ttf */,
			);
			path = Font;
			sourceTree = "<group>";
		};
		8FAD7B3E23A39F6400A08ED9 /* Application */ = {
			isa = PBXGroup;
			children = (
				8FAD7B3F23A39F6400A08ED9 /* PopupNotice */,
				8FAD7B4223A39F6400A08ED9 /* LoginVC */,
				8FAD7B4B23A39F6400A08ED9 /* GametacSDK.swift */,
				8FAD7B4C23A39F6400A08ED9 /* SwitchAccountVC */,
				8FAD7B4F23A39F6400A08ED9 /* ChooseLanguageVC */,
				8FAD7B5523A39F6400A08ED9 /* DashBroadVC */,
				8FAD7B7323A39F6400A08ED9 /* InAppPurchase */,
				8FAD7B7D23A39F6400A08ED9 /* NSCoreframework */,
				8FAD7B9423A39F6400A08ED9 /* Services */,
			);
			path = Application;
			sourceTree = "<group>";
		};
		8FAD7B3F23A39F6400A08ED9 /* PopupNotice */ = {
			isa = PBXGroup;
			children = (
				8FAD7B4023A39F6400A08ED9 /* PopupNotice.xib */,
				8FAD7B4123A39F6400A08ED9 /* PopupNotice.swift */,
			);
			path = PopupNotice;
			sourceTree = "<group>";
		};
		8FAD7B4223A39F6400A08ED9 /* LoginVC */ = {
			isa = PBXGroup;
			children = (
				8FAD7B4323A39F6400A08ED9 /* LoginVC.swift */,
				8FAD7B4423A39F6400A08ED9 /* LoginSuccessVC */,
				8FAD7B4723A39F6400A08ED9 /* LoginVC.xib */,
				8FAD7B4823A39F6400A08ED9 /* RegistryVC */,
			);
			path = LoginVC;
			sourceTree = "<group>";
		};
		8FAD7B4423A39F6400A08ED9 /* LoginSuccessVC */ = {
			isa = PBXGroup;
			children = (
				8FAD7B4523A39F6400A08ED9 /* LoginSuccessVC.xib */,
				8FAD7B4623A39F6400A08ED9 /* LoginSuccessVC.swift */,
			);
			path = LoginSuccessVC;
			sourceTree = "<group>";
		};
		8FAD7B4823A39F6400A08ED9 /* RegistryVC */ = {
			isa = PBXGroup;
			children = (
				8FAD7B4923A39F6400A08ED9 /* RegistryVC.xib */,
				8FAD7B4A23A39F6400A08ED9 /* RegistryVC.swift */,
			);
			path = RegistryVC;
			sourceTree = "<group>";
		};
		8FAD7B4C23A39F6400A08ED9 /* SwitchAccountVC */ = {
			isa = PBXGroup;
			children = (
				8FAD7B4D23A39F6400A08ED9 /* SwitchAccountVC.xib */,
				8FAD7B4E23A39F6400A08ED9 /* SwitchAccountVC.swift */,
			);
			path = SwitchAccountVC;
			sourceTree = "<group>";
		};
		8FAD7B4F23A39F6400A08ED9 /* ChooseLanguageVC */ = {
			isa = PBXGroup;
			children = (
				8FAD7B5023A39F6400A08ED9 /* ChooseLanguageVC.swift */,
				8FAD7B5123A39F6400A08ED9 /* ChooseLanguageVC.xib */,
				8FAD7B5223A39F6400A08ED9 /* ConfirmLanguageVC */,
			);
			path = ChooseLanguageVC;
			sourceTree = "<group>";
		};
		8FAD7B5223A39F6400A08ED9 /* ConfirmLanguageVC */ = {
			isa = PBXGroup;
			children = (
				8FAD7B5323A39F6400A08ED9 /* ConfirmLanguageVC.xib */,
				8FAD7B5423A39F6400A08ED9 /* ConfirmLanguageVC.swift */,
			);
			path = ConfirmLanguageVC;
			sourceTree = "<group>";
		};
		8FAD7B5523A39F6400A08ED9 /* DashBroadVC */ = {
			isa = PBXGroup;
			children = (
				8FAD7B5623A39F6400A08ED9 /* ReportVC */,
				8FAD7B5C23A39F6400A08ED9 /* DashBroadVC.xib */,
				8FAD7B5D23A39F6400A08ED9 /* UserInfoVC */,
				8FAD7B6023A39F6400A08ED9 /* ChangeProfileVC */,
				8FAD7B6323A39F6400A08ED9 /* DashBroadVC.swift */,
				8FAD7B6423A39F6400A08ED9 /* NotifVC */,
			);
			path = DashBroadVC;
			sourceTree = "<group>";
		};
		8FAD7B5623A39F6400A08ED9 /* ReportVC */ = {
			isa = PBXGroup;
			children = (
				8FAD7B5723A39F6400A08ED9 /* PhotoSelectedCell */,
				8FAD7B5A23A39F6400A08ED9 /* ReportVC.xib */,
				8FAD7B5B23A39F6400A08ED9 /* ReportVC.swift */,
			);
			path = ReportVC;
			sourceTree = "<group>";
		};
		8FAD7B5723A39F6400A08ED9 /* PhotoSelectedCell */ = {
			isa = PBXGroup;
			children = (
				8FAD7B5823A39F6400A08ED9 /* PhotoSelectedCell.xib */,
				8FAD7B5923A39F6400A08ED9 /* PhotoSelectedCell.swift */,
			);
			path = PhotoSelectedCell;
			sourceTree = "<group>";
		};
		8FAD7B5D23A39F6400A08ED9 /* UserInfoVC */ = {
			isa = PBXGroup;
			children = (
				8FAD7B5E23A39F6400A08ED9 /* UserInfoVC.swift */,
				8FAD7B5F23A39F6400A08ED9 /* UserInfoVC.xib */,
			);
			path = UserInfoVC;
			sourceTree = "<group>";
		};
		8FAD7B6023A39F6400A08ED9 /* ChangeProfileVC */ = {
			isa = PBXGroup;
			children = (
				8FAD7B6123A39F6400A08ED9 /* ChangeProfileVC.swift */,
				8FAD7B6223A39F6400A08ED9 /* ChangeProfileVC.xib */,
			);
			path = ChangeProfileVC;
			sourceTree = "<group>";
		};
		8FAD7B6423A39F6400A08ED9 /* NotifVC */ = {
			isa = PBXGroup;
			children = (
				8FAD7B6523A39F6400A08ED9 /* NotiCell */,
				8FAD7B6823A39F6400A08ED9 /* NotifVC.xib */,
				8FAD7B6923A39F6400A08ED9 /* DetailNotiVC */,
				8FAD7B6C23A39F6400A08ED9 /* NewsVC */,
				8FAD7B6F23A39F6400A08ED9 /* PopupVC */,
				8FAD7B7223A39F6400A08ED9 /* NotifVC.swift */,
			);
			path = NotifVC;
			sourceTree = "<group>";
		};
		8FAD7B6523A39F6400A08ED9 /* NotiCell */ = {
			isa = PBXGroup;
			children = (
				8FAD7B6623A39F6400A08ED9 /* NotiCell.swift */,
				8FAD7B6723A39F6400A08ED9 /* NotiCell.xib */,
			);
			path = NotiCell;
			sourceTree = "<group>";
		};
		8FAD7B6923A39F6400A08ED9 /* DetailNotiVC */ = {
			isa = PBXGroup;
			children = (
				8FAD7B6A23A39F6400A08ED9 /* DetailNotiVC.xib */,
				8FAD7B6B23A39F6400A08ED9 /* DetailNotiVC.swift */,
			);
			path = DetailNotiVC;
			sourceTree = "<group>";
		};
		8FAD7B6C23A39F6400A08ED9 /* NewsVC */ = {
			isa = PBXGroup;
			children = (
				8FAD7B6D23A39F6400A08ED9 /* NewsVC.xib */,
				8FAD7B6E23A39F6400A08ED9 /* NewsVC.swift */,
			);
			path = NewsVC;
			sourceTree = "<group>";
		};
		8FAD7B6F23A39F6400A08ED9 /* PopupVC */ = {
			isa = PBXGroup;
			children = (
				8FAD7B7023A39F6400A08ED9 /* PopupVC.xib */,
				8FAD7B7123A39F6400A08ED9 /* PopupVC.swift */,
			);
			path = PopupVC;
			sourceTree = "<group>";
		};
		8FAD7B7323A39F6400A08ED9 /* InAppPurchase */ = {
			isa = PBXGroup;
			children = (
				8FAD7B7423A39F6400A08ED9 /* Controller */,
				8FAD7B7723A39F6400A08ED9 /* IAPCell */,
				8FAD7B7A23A39F6400A08ED9 /* PKIAPHandler.swift */,
				8FAD7B7B23A39F6400A08ED9 /* Services */,
			);
			path = InAppPurchase;
			sourceTree = "<group>";
		};
		8FAD7B7423A39F6400A08ED9 /* Controller */ = {
			isa = PBXGroup;
			children = (
				8FAD7B7523A39F6400A08ED9 /* InAppPurchaseVC.xib */,
				8FAD7B7623A39F6400A08ED9 /* InAppPurchaseVC.swift */,
			);
			path = Controller;
			sourceTree = "<group>";
		};
		8FAD7B7723A39F6400A08ED9 /* IAPCell */ = {
			isa = PBXGroup;
			children = (
				8FAD7B7823A39F6400A08ED9 /* IAPCell.xib */,
				8FAD7B7923A39F6400A08ED9 /* IAPCell.swift */,
			);
			path = IAPCell;
			sourceTree = "<group>";
		};
		8FAD7B7B23A39F6400A08ED9 /* Services */ = {
			isa = PBXGroup;
			children = (
				8FAD7B7C23A39F6400A08ED9 /* IAPService.swift */,
			);
			path = Services;
			sourceTree = "<group>";
		};
		8FAD7B7D23A39F6400A08ED9 /* NSCoreframework */ = {
			isa = PBXGroup;
			children = (
				8FAD7B7E23A39F6400A08ED9 /* Core */,
				8FAD7B8123A39F6400A08ED9 /* Extensions */,
				8FAD7B8F23A39F6400A08ED9 /* Helper */,
			);
			path = NSCoreframework;
			sourceTree = "<group>";
		};
		8FAD7B7E23A39F6400A08ED9 /* Core */ = {
			isa = PBXGroup;
			children = (
				8FAD7B7F23A39F6400A08ED9 /* NSNetRequest.swift */,
				8FAD7B8023A39F6400A08ED9 /* NSAuthentication.swift */,
			);
			path = Core;
			sourceTree = "<group>";
		};
		8FAD7B8123A39F6400A08ED9 /* Extensions */ = {
			isa = PBXGroup;
			children = (
				8FAD7B8223A39F6400A08ED9 /* UICustomTextField.swift */,
				8FAD7B8323A39F6400A08ED9 /* NumberExtension.swift */,
				8FAD7B8423A39F6400A08ED9 /* PhotoHelper.swift */,
				8FAD7B8523A39F6400A08ED9 /* UITextFieldExtension.swift */,
				8FAD7B8623A39F6400A08ED9 /* UIViewExtension.swift */,
				8FAD7B8723A39F6400A08ED9 /* UIViewShadownExtension.swift */,
				8FAD7B8823A39F6400A08ED9 /* TimeAgoExtension.swift */,
				8FAD7B8923A39F6400A08ED9 /* LoadingHelper.swift */,
				8FAD7B8A23A39F6400A08ED9 /* StringExtension.swift */,
				8FAD7B8B23A39F6400A08ED9 /* UIImageExtension.swift */,
				8FAD7B8C23A39F6400A08ED9 /* UIApplication.swift */,
				8FAD7B8D23A39F6400A08ED9 /* ServiceButton.swift */,
				8FAD7B8E23A39F6400A08ED9 /* MyExtension.swift */,
			);
			path = Extensions;
			sourceTree = "<group>";
		};
		8FAD7B8F23A39F6400A08ED9 /* Helper */ = {
			isa = PBXGroup;
			children = (
				8FAD7B9023A39F6400A08ED9 /* AlertHelper.swift */,
				8FAD7B9123A39F6400A08ED9 /* UILabel+UIDatePicker.swift */,
				8FAD7B9223A39F6400A08ED9 /* MyHelper.swift */,
				8FAD7B9323A39F6400A08ED9 /* ScreenHelper.swift */,
			);
			path = Helper;
			sourceTree = "<group>";
		};
		8FAD7B9423A39F6400A08ED9 /* Services */ = {
			isa = PBXGroup;
			children = (
				8FAD7B9523A39F6400A08ED9 /* UserServices.swift */,
				8FAD7B9623A39F6400A08ED9 /* Model.swift */,
				8FAD7B9723A39F6400A08ED9 /* ShareLib */,
			);
			path = Services;
			sourceTree = "<group>";
		};
		8FAD7B9723A39F6400A08ED9 /* ShareLib */ = {
			isa = PBXGroup;
			children = (
				8FAD7B9823A39F6400A08ED9 /* NSFormValidation.swift */,
				8FAD7B9923A39F6400A08ED9 /* KeyboardLayoutConstraint.swift */,
				8FAD7B9A23A39F6400A08ED9 /* Custom_update_swif42 */,
				8FAD7C0123A39F6400A08ED9 /* Components */,
				8FAD7C3423A39F6400A08ED9 /* CustomSegmented */,
			);
			path = ShareLib;
			sourceTree = "<group>";
		};
		8FAD7B9A23A39F6400A08ED9 /* Custom_update_swif42 */ = {
			isa = PBXGroup;
			children = (
				8FAD7B9B23A39F6400A08ED9 /* ExtensionColor.swift */,
				8FAD7B9C23A39F6400A08ED9 /* DesignableUITextField.swift */,
			);
			path = Custom_update_swif42;
			sourceTree = "<group>";
		};
		8FAD7C0123A39F6400A08ED9 /* Components */ = {
			isa = PBXGroup;
			children = (
				8FAD7C0223A39F6400A08ED9 /* Inbox */,
				8FAD7C0723A39F6400A08ED9 /* Notification */,
				8FAD7C0F23A39F6400A08ED9 /* UserProfile */,
			);
			path = Components;
			sourceTree = "<group>";
		};
		8FAD7C0223A39F6400A08ED9 /* Inbox */ = {
			isa = PBXGroup;
			children = (
				8FAD7C0323A39F6400A08ED9 /* Model */,
				8FAD7C0523A39F6400A08ED9 /* Services */,
			);
			path = Inbox;
			sourceTree = "<group>";
		};
		8FAD7C0323A39F6400A08ED9 /* Model */ = {
			isa = PBXGroup;
			children = (
				8FAD7C0423A39F6400A08ED9 /* MessageModels.swift */,
			);
			path = Model;
			sourceTree = "<group>";
		};
		8FAD7C0523A39F6400A08ED9 /* Services */ = {
			isa = PBXGroup;
			children = (
				8FAD7C0623A39F6400A08ED9 /* MessageService.swift */,
			);
			path = Services;
			sourceTree = "<group>";
		};
		8FAD7C0723A39F6400A08ED9 /* Notification */ = {
			isa = PBXGroup;
			children = (
				8FAD7C0823A39F6400A08ED9 /* Present */,
				8FAD7C0D23A39F6400A08ED9 /* NotificationService.swift */,
				8FAD7C0E23A39F6400A08ED9 /* NotificationStruct.swift */,
			);
			path = Notification;
			sourceTree = "<group>";
		};
		8FAD7C0823A39F6400A08ED9 /* Present */ = {
			isa = PBXGroup;
			children = (
				8FAD7C0923A39F6400A08ED9 /* NotificationTVC.xib */,
				8FAD7C0A23A39F6400A08ED9 /* NotificationVC.xib */,
				8FAD7C0B23A39F6400A08ED9 /* NotificationTVC.swift */,
				8FAD7C0C23A39F6400A08ED9 /* NotificationVC.swift */,
			);
			path = Present;
			sourceTree = "<group>";
		};
		8FAD7C0F23A39F6400A08ED9 /* UserProfile */ = {
			isa = PBXGroup;
			children = (
				8FAD7C1023A39F6400A08ED9 /* Present */,
				8FAD7C1523A39F6400A08ED9 /* Media.xcassets */,
				8FAD7C1623A39F6400A08ED9 /* UserModel.swift */,
			);
			path = UserProfile;
			sourceTree = "<group>";
		};
		8FAD7C1023A39F6400A08ED9 /* Present */ = {
			isa = PBXGroup;
			children = (
				8FAD7C1123A39F6400A08ED9 /* ChangePasswordVC.xib */,
				8FAD7C1223A39F6400A08ED9 /* UserProfileVC.swift */,
				8FAD7C1323A39F6400A08ED9 /* ChangePasswordVC.swift */,
				8FAD7C1423A39F6400A08ED9 /* UserProfileVC.xib */,
			);
			path = Present;
			sourceTree = "<group>";
		};
		8FAD7C3423A39F6400A08ED9 /* CustomSegmented */ = {
			isa = PBXGroup;
			children = (
				8FAD7C3523A39F6400A08ED9 /* CustomSegmentedControl.swift */,
			);
			path = CustomSegmented;
			sourceTree = "<group>";
		};
		BB14AEB2312386702A2E3B82 /* Pods */ = {
			isa = PBXGroup;
			children = (
				C6488F0D265FC525C3801027 /* Pods-GametacSDK_Example.debug.xcconfig */,
				14D73C3F252A784617CDA986 /* Pods-GametacSDK_Example.release.xcconfig */,
				FB2293279CD9FE51A54FA66A /* Pods-GametacSDK_Tests.debug.xcconfig */,
				C88D7F698419E8AC6BE8FB6E /* Pods-GametacSDK_Tests.release.xcconfig */,
			);
			path = Pods;
			sourceTree = "<group>";
		};
/* End PBXGroup section */

/* Begin PBXNativeTarget section */
		607FACCF1AFB9204008FA782 /* GametacSDK_Example */ = {
			isa = PBXNativeTarget;
			buildConfigurationList = 607FACEF1AFB9204008FA782 /* Build configuration list for PBXNativeTarget "GametacSDK_Example" */;
			buildPhases = (
				459E3D27F86FFF931FB3EA6C /* [CP] Check Pods Manifest.lock */,
				607FACCC1AFB9204008FA782 /* Sources */,
				607FACCD1AFB9204008FA782 /* Frameworks */,
				607FACCE1AFB9204008FA782 /* Resources */,
				0743970989E617747FFA12D4 /* [CP] Embed Pods Frameworks */,
				3F88C159ABA68A8F01BFA581 /* [CP] Copy Pods Resources */,
			);
			buildRules = (
			);
			dependencies = (
			);
			name = GametacSDK_Example;
			productName = GametacSDK;
			productReference = 607FACD01AFB9204008FA782 /* GametacSDK_Example.app */;
			productType = "com.apple.product-type.application";
		};
		607FACE41AFB9204008FA782 /* GametacSDK_Tests */ = {
			isa = PBXNativeTarget;
			buildConfigurationList = 607FACF21AFB9204008FA782 /* Build configuration list for PBXNativeTarget "GametacSDK_Tests" */;
			buildPhases = (
				41A1FD12BB086DE9A5ED0175 /* [CP] Check Pods Manifest.lock */,
				607FACE11AFB9204008FA782 /* Sources */,
				607FACE21AFB9204008FA782 /* Frameworks */,
				607FACE31AFB9204008FA782 /* Resources */,
			);
			buildRules = (
			);
			dependencies = (
				607FACE71AFB9204008FA782 /* PBXTargetDependency */,
			);
			name = GametacSDK_Tests;
			productName = Tests;
			productReference = 607FACE51AFB9204008FA782 /* GametacSDK_Tests.xctest */;
			productType = "com.apple.product-type.bundle.unit-test";
		};
/* End PBXNativeTarget section */

/* Begin PBXProject section */
		607FACC81AFB9204008FA782 /* Project object */ = {
			isa = PBXProject;
			attributes = {
				LastSwiftUpdateCheck = 0830;
				LastUpgradeCheck = 0830;
				ORGANIZATIONNAME = CocoaPods;
				TargetAttributes = {
					607FACCF1AFB9204008FA782 = {
						CreatedOnToolsVersion = 6.3.1;
						DevelopmentTeam = 3AQFQLF33F;
						LastSwiftMigration = 0900;
					};
					607FACE41AFB9204008FA782 = {
						CreatedOnToolsVersion = 6.3.1;
						DevelopmentTeam = 3AQFQLF33F;
						LastSwiftMigration = 0900;
						TestTargetID = 607FACCF1AFB9204008FA782;
					};
				};
			};
			buildConfigurationList = 607FACCB1AFB9204008FA782 /* Build configuration list for PBXProject "GametacSDK" */;
			compatibilityVersion = "Xcode 3.2";
			developmentRegion = English;
			hasScannedForEncodings = 0;
			knownRegions = (
				English,
				en,
				Base,
			);
			mainGroup = 607FACC71AFB9204008FA782;
			productRefGroup = 607FACD11AFB9204008FA782 /* Products */;
			projectDirPath = "";
			projectRoot = "";
			targets = (
				607FACCF1AFB9204008FA782 /* GametacSDK_Example */,
				607FACE41AFB9204008FA782 /* GametacSDK_Tests */,
			);
		};
/* End PBXProject section */

/* Begin PBXResourcesBuildPhase section */
		607FACCE1AFB9204008FA782 /* Resources */ = {
			isa = PBXResourcesBuildPhase;
			buildActionMask = 2147483647;
			files = (
				8FAD7B0A23A3911000A08ED9 /* Apache License.txt in Resources */,
				8FAD7B0623A3911000A08ED9 /* Assets.xcassets in Resources */,
				8FAD7C4523A39F6400A08ED9 /* PhotoSelectedCell.xib in Resources */,
				8FAD7C5023A39F6400A08ED9 /* NotiCell.xib in Resources */,
				8FAD7C3923A39F6400A08ED9 /* LoginSuccessVC.xib in Resources */,
				8FAD7CB023A39F6400A08ED9 /* UserProfileVC.xib in Resources */,
				8FAD7C4D23A39F6400A08ED9 /* ChangeProfileVC.xib in Resources */,
				8FAD7CA723A39F6400A08ED9 /* NotificationTVC.xib in Resources */,
				8FAD7C4323A39F6400A08ED9 /* ConfirmLanguageVC.xib in Resources */,
				8FAD7C4B23A39F6400A08ED9 /* UserInfoVC.xib in Resources */,
				8FAD7B0D23A3911000A08ED9 /* OpenSans-Bold.ttf in Resources */,
				8FAD7C5623A39F6400A08ED9 /* PopupVC.xib in Resources */,
				8FAD7B0923A3911000A08ED9 /* OpenSans-Italic.ttf in Resources */,
				8FAD7B0723A3911000A08ED9 /* OpenSans-Semibold.ttf in Resources */,
				8FAD7C3B23A39F6400A08ED9 /* LoginVC.xib in Resources */,
				8FAD7B1123A3911000A08ED9 /* OpenSans-BoldItalic.ttf in Resources */,
				8FAD7C5223A39F6400A08ED9 /* DetailNotiVC.xib in Resources */,
				8F84EC7023AA896000AA2F24 /* GoogleService-Info.plist in Resources */,
				8FAD7C4723A39F6400A08ED9 /* ReportVC.xib in Resources */,
				8FAD7C3F23A39F6400A08ED9 /* SwitchAccountVC.xib in Resources */,
				8FAD7C5423A39F6400A08ED9 /* NewsVC.xib in Resources */,
				8FAD7C3623A39F6400A08ED9 /* PopupNotice.xib in Resources */,
				8FAD7B0E23A3911000A08ED9 /* OpenSans-SemiboldItalic.ttf in Resources */,
				8FAD7B0823A3911000A08ED9 /* OpenSans-Light.ttf in Resources */,
				8FAD7B0B23A3911000A08ED9 /* OpenSans-ExtraBold.ttf in Resources */,
				607FACDB1AFB9204008FA782 /* Main.storyboard in Resources */,
				8FAD7CA823A39F6400A08ED9 /* NotificationVC.xib in Resources */,
				8FAD7CAD23A39F6400A08ED9 /* ChangePasswordVC.xib in Resources */,
				8FAD7B0C23A3911000A08ED9 /* OpenSans-LightItalic.ttf in Resources */,
				8FAD7C5923A39F6400A08ED9 /* InAppPurchaseVC.xib in Resources */,
				8FAD7C4223A39F6400A08ED9 /* ChooseLanguageVC.xib in Resources */,
				8FAD7CB123A39F6400A08ED9 /* Media.xcassets in Resources */,
				8FAD7C5B23A39F6400A08ED9 /* IAPCell.xib in Resources */,
				8FAD7B1023A3911000A08ED9 /* OpenSans-Regular.ttf in Resources */,
				8FAD7B0F23A3911000A08ED9 /* OpenSans-ExtraBoldItalic.ttf in Resources */,
				8FAD7C3C23A39F6400A08ED9 /* RegistryVC.xib in Resources */,
				607FACE01AFB9204008FA782 /* LaunchScreen.xib in Resources */,
				8FAD7C4923A39F6400A08ED9 /* DashBroadVC.xib in Resources */,
				8FAD7C5123A39F6400A08ED9 /* NotifVC.xib in Resources */,
				607FACDD1AFB9204008FA782 /* Images.xcassets in Resources */,
			);
			runOnlyForDeploymentPostprocessing = 0;
		};
		607FACE31AFB9204008FA782 /* Resources */ = {
			isa = PBXResourcesBuildPhase;
			buildActionMask = 2147483647;
			files = (
			);
			runOnlyForDeploymentPostprocessing = 0;
		};
/* End PBXResourcesBuildPhase section */

/* Begin PBXShellScriptBuildPhase section */
		0743970989E617747FFA12D4 /* [CP] Embed Pods Frameworks */ = {
			isa = PBXShellScriptBuildPhase;
			buildActionMask = 2147483647;
			files = (
			);
			inputPaths = (
				"${PODS_ROOT}/Target Support Files/Pods-GametacSDK_Example/Pods-GametacSDK_Example-frameworks.sh",
				"${BUILT_PRODUCTS_DIR}/AFNetworking/AFNetworking.framework",
				"${BUILT_PRODUCTS_DIR}/Alamofire/Alamofire.framework",
				"${BUILT_PRODUCTS_DIR}/AppAuth/AppAuth.framework",
				"${BUILT_PRODUCTS_DIR}/CropViewController/CropViewController.framework",
				"${BUILT_PRODUCTS_DIR}/DKCamera/DKCamera.framework",
				"${BUILT_PRODUCTS_DIR}/DKImagePickerController/DKImagePickerController.framework",
				"${BUILT_PRODUCTS_DIR}/DKPhotoGallery/DKPhotoGallery.framework",
				"${BUILT_PRODUCTS_DIR}/DynamicBlurView/DynamicBlurView.framework",
				"${BUILT_PRODUCTS_DIR}/FBSDKCoreKit/FBSDKCoreKit.framework",
				"${BUILT_PRODUCTS_DIR}/FBSDKLoginKit/FBSDKLoginKit.framework",
				"${BUILT_PRODUCTS_DIR}/FBSDKShareKit/FBSDKShareKit.framework",
				"${BUILT_PRODUCTS_DIR}/FLAnimatedImage/FLAnimatedImage.framework",
				"${BUILT_PRODUCTS_DIR}/GTMAppAuth/GTMAppAuth.framework",
				"${BUILT_PRODUCTS_DIR}/GTMSessionFetcher/GTMSessionFetcher.framework",
				"${BUILT_PRODUCTS_DIR}/GoogleUtilities/GoogleUtilities.framework",
				"${BUILT_PRODUCTS_DIR}/KMPlaceholderTextView/KMPlaceholderTextView.framework",
				"${BUILT_PRODUCTS_DIR}/Kingfisher/Kingfisher.framework",
				"${BUILT_PRODUCTS_DIR}/NVActivityIndicatorView/NVActivityIndicatorView.framework",
				"${BUILT_PRODUCTS_DIR}/PopupDialog/PopupDialog.framework",
				"${BUILT_PRODUCTS_DIR}/SDWebImage/SDWebImage.framework",
				"${BUILT_PRODUCTS_DIR}/SDWebImageFLPlugin/SDWebImageFLPlugin.framework",
				"${BUILT_PRODUCTS_DIR}/SwiftyJSON/SwiftyJSON.framework",
				"${BUILT_PRODUCTS_DIR}/XLPagerTabStrip/XLPagerTabStrip.framework",
				"${BUILT_PRODUCTS_DIR}/nanopb/nanopb.framework",
			);
			name = "[CP] Embed Pods Frameworks";
			outputPaths = (
				"${TARGET_BUILD_DIR}/${FRAMEWORKS_FOLDER_PATH}/AFNetworking.framework",
				"${TARGET_BUILD_DIR}/${FRAMEWORKS_FOLDER_PATH}/Alamofire.framework",
				"${TARGET_BUILD_DIR}/${FRAMEWORKS_FOLDER_PATH}/AppAuth.framework",
				"${TARGET_BUILD_DIR}/${FRAMEWORKS_FOLDER_PATH}/CropViewController.framework",
				"${TARGET_BUILD_DIR}/${FRAMEWORKS_FOLDER_PATH}/DKCamera.framework",
				"${TARGET_BUILD_DIR}/${FRAMEWORKS_FOLDER_PATH}/DKImagePickerController.framework",
				"${TARGET_BUILD_DIR}/${FRAMEWORKS_FOLDER_PATH}/DKPhotoGallery.framework",
				"${TARGET_BUILD_DIR}/${FRAMEWORKS_FOLDER_PATH}/DynamicBlurView.framework",
				"${TARGET_BUILD_DIR}/${FRAMEWORKS_FOLDER_PATH}/FBSDKCoreKit.framework",
				"${TARGET_BUILD_DIR}/${FRAMEWORKS_FOLDER_PATH}/FBSDKLoginKit.framework",
				"${TARGET_BUILD_DIR}/${FRAMEWORKS_FOLDER_PATH}/FBSDKShareKit.framework",
				"${TARGET_BUILD_DIR}/${FRAMEWORKS_FOLDER_PATH}/FLAnimatedImage.framework",
				"${TARGET_BUILD_DIR}/${FRAMEWORKS_FOLDER_PATH}/GTMAppAuth.framework",
				"${TARGET_BUILD_DIR}/${FRAMEWORKS_FOLDER_PATH}/GTMSessionFetcher.framework",
				"${TARGET_BUILD_DIR}/${FRAMEWORKS_FOLDER_PATH}/GoogleUtilities.framework",
				"${TARGET_BUILD_DIR}/${FRAMEWORKS_FOLDER_PATH}/KMPlaceholderTextView.framework",
				"${TARGET_BUILD_DIR}/${FRAMEWORKS_FOLDER_PATH}/Kingfisher.framework",
				"${TARGET_BUILD_DIR}/${FRAMEWORKS_FOLDER_PATH}/NVActivityIndicatorView.framework",
				"${TARGET_BUILD_DIR}/${FRAMEWORKS_FOLDER_PATH}/PopupDialog.framework",
				"${TARGET_BUILD_DIR}/${FRAMEWORKS_FOLDER_PATH}/SDWebImage.framework",
				"${TARGET_BUILD_DIR}/${FRAMEWORKS_FOLDER_PATH}/SDWebImageFLPlugin.framework",
				"${TARGET_BUILD_DIR}/${FRAMEWORKS_FOLDER_PATH}/SwiftyJSON.framework",
				"${TARGET_BUILD_DIR}/${FRAMEWORKS_FOLDER_PATH}/XLPagerTabStrip.framework",
				"${TARGET_BUILD_DIR}/${FRAMEWORKS_FOLDER_PATH}/nanopb.framework",
			);
			runOnlyForDeploymentPostprocessing = 0;
			shellPath = /bin/sh;
			shellScript = "\"${PODS_ROOT}/Target Support Files/Pods-GametacSDK_Example/Pods-GametacSDK_Example-frameworks.sh\"\n";
			showEnvVarsInLog = 0;
		};
		3F88C159ABA68A8F01BFA581 /* [CP] Copy Pods Resources */ = {
			isa = PBXShellScriptBuildPhase;
			buildActionMask = 2147483647;
			files = (
			);
			inputPaths = (
				"${PODS_ROOT}/Target Support Files/Pods-GametacSDK_Example/Pods-GametacSDK_Example-resources.sh",
				"${PODS_CONFIGURATION_BUILD_DIR}/GametacSDK/GametacSDK.bundle",
				"${PODS_ROOT}/GoogleSignIn/Resources/GoogleSignIn.bundle",
			);
			name = "[CP] Copy Pods Resources";
			outputPaths = (
				"${TARGET_BUILD_DIR}/${UNLOCALIZED_RESOURCES_FOLDER_PATH}/GametacSDK.bundle",
				"${TARGET_BUILD_DIR}/${UNLOCALIZED_RESOURCES_FOLDER_PATH}/GoogleSignIn.bundle",
			);
			runOnlyForDeploymentPostprocessing = 0;
			shellPath = /bin/sh;
			shellScript = "\"${PODS_ROOT}/Target Support Files/Pods-GametacSDK_Example/Pods-GametacSDK_Example-resources.sh\"\n";
			showEnvVarsInLog = 0;
		};
		41A1FD12BB086DE9A5ED0175 /* [CP] Check Pods Manifest.lock */ = {
			isa = PBXShellScriptBuildPhase;
			buildActionMask = 2147483647;
			files = (
			);
			inputFileListPaths = (
			);
			inputPaths = (
				"${PODS_PODFILE_DIR_PATH}/Podfile.lock",
				"${PODS_ROOT}/Manifest.lock",
			);
			name = "[CP] Check Pods Manifest.lock";
			outputFileListPaths = (
			);
			outputPaths = (
				"$(DERIVED_FILE_DIR)/Pods-GametacSDK_Tests-checkManifestLockResult.txt",
			);
			runOnlyForDeploymentPostprocessing = 0;
			shellPath = /bin/sh;
			shellScript = "diff \"${PODS_PODFILE_DIR_PATH}/Podfile.lock\" \"${PODS_ROOT}/Manifest.lock\" > /dev/null\nif [ $? != 0 ] ; then\n    # print error to STDERR\n    echo \"error: The sandbox is not in sync with the Podfile.lock. Run 'pod install' or update your CocoaPods installation.\" >&2\n    exit 1\nfi\n# This output is used by Xcode 'outputs' to avoid re-running this script phase.\necho \"SUCCESS\" > \"${SCRIPT_OUTPUT_FILE_0}\"\n";
			showEnvVarsInLog = 0;
		};
		459E3D27F86FFF931FB3EA6C /* [CP] Check Pods Manifest.lock */ = {
			isa = PBXShellScriptBuildPhase;
			buildActionMask = 2147483647;
			files = (
			);
			inputFileListPaths = (
			);
			inputPaths = (
				"${PODS_PODFILE_DIR_PATH}/Podfile.lock",
				"${PODS_ROOT}/Manifest.lock",
			);
			name = "[CP] Check Pods Manifest.lock";
			outputFileListPaths = (
			);
			outputPaths = (
				"$(DERIVED_FILE_DIR)/Pods-GametacSDK_Example-checkManifestLockResult.txt",
			);
			runOnlyForDeploymentPostprocessing = 0;
			shellPath = /bin/sh;
			shellScript = "diff \"${PODS_PODFILE_DIR_PATH}/Podfile.lock\" \"${PODS_ROOT}/Manifest.lock\" > /dev/null\nif [ $? != 0 ] ; then\n    # print error to STDERR\n    echo \"error: The sandbox is not in sync with the Podfile.lock. Run 'pod install' or update your CocoaPods installation.\" >&2\n    exit 1\nfi\n# This output is used by Xcode 'outputs' to avoid re-running this script phase.\necho \"SUCCESS\" > \"${SCRIPT_OUTPUT_FILE_0}\"\n";
			showEnvVarsInLog = 0;
		};
/* End PBXShellScriptBuildPhase section */

/* Begin PBXSourcesBuildPhase section */
		607FACCC1AFB9204008FA782 /* Sources */ = {
			isa = PBXSourcesBuildPhase;
			buildActionMask = 2147483647;
			files = (
				8FAD7C7323A39F6400A08ED9 /* Model.swift in Sources */,
				8FAD7C5C23A39F6400A08ED9 /* IAPCell.swift in Sources */,
				8FAD7C6C23A39F6400A08ED9 /* ServiceButton.swift in Sources */,
				8FAD7C6623A39F6400A08ED9 /* UIViewShadownExtension.swift in Sources */,
				8FAD7C7723A39F6400A08ED9 /* DesignableUITextField.swift in Sources */,
				8FAD7C7523A39F6400A08ED9 /* KeyboardLayoutConstraint.swift in Sources */,
				8FAD7C6823A39F6400A08ED9 /* LoadingHelper.swift in Sources */,
				8FAD7C4623A39F6400A08ED9 /* PhotoSelectedCell.swift in Sources */,
				8FAD7C5823A39F6400A08ED9 /* NotifVC.swift in Sources */,
				8FAD7C4A23A39F6400A08ED9 /* UserInfoVC.swift in Sources */,
				8FAD7C6323A39F6400A08ED9 /* PhotoHelper.swift in Sources */,
				8FAD7C4023A39F6400A08ED9 /* SwitchAccountVC.swift in Sources */,
				8FAD7C7623A39F6400A08ED9 /* ExtensionColor.swift in Sources */,
				8FAD7C4F23A39F6400A08ED9 /* NotiCell.swift in Sources */,
				8FAD7C6F23A39F6400A08ED9 /* UILabel+UIDatePicker.swift in Sources */,
				8FAD7C3723A39F6400A08ED9 /* PopupNotice.swift in Sources */,
				8FAD7C7223A39F6400A08ED9 /* UserServices.swift in Sources */,
				8FAD7C6723A39F6400A08ED9 /* TimeAgoExtension.swift in Sources */,
				8FAD7CA623A39F6400A08ED9 /* MessageService.swift in Sources */,
				8FAD7C4E23A39F6400A08ED9 /* DashBroadVC.swift in Sources */,
				8FAD7C6023A39F6400A08ED9 /* NSAuthentication.swift in Sources */,
				8FAD7C3D23A39F6400A08ED9 /* RegistryVC.swift in Sources */,
				607FACD81AFB9204008FA782 /* ViewController.swift in Sources */,
				8FAD7C7023A39F6400A08ED9 /* MyHelper.swift in Sources */,
				8FAD7C6523A39F6400A08ED9 /* UIViewExtension.swift in Sources */,
				8FAD7C5723A39F6400A08ED9 /* PopupVC.swift in Sources */,
				8FAD7C6B23A39F6400A08ED9 /* UIApplication.swift in Sources */,
				8FAD7C4C23A39F6400A08ED9 /* ChangeProfileVC.swift in Sources */,
				8FAD7C5323A39F6400A08ED9 /* DetailNotiVC.swift in Sources */,
				8FAD7CA923A39F6400A08ED9 /* NotificationTVC.swift in Sources */,
				8FAD7C5D23A39F6400A08ED9 /* PKIAPHandler.swift in Sources */,
				8FAD7C5E23A39F6400A08ED9 /* IAPService.swift in Sources */,
				8FAD7C3823A39F6400A08ED9 /* LoginVC.swift in Sources */,
				8FAD7C7123A39F6400A08ED9 /* ScreenHelper.swift in Sources */,
				8FAD7CAE23A39F6400A08ED9 /* UserProfileVC.swift in Sources */,
				8FAD7CAF23A39F6400A08ED9 /* ChangePasswordVC.swift in Sources */,
				8FAD7CB223A39F6400A08ED9 /* UserModel.swift in Sources */,
				8FAD7C6923A39F6400A08ED9 /* StringExtension.swift in Sources */,
				8FAD7C6A23A39F6400A08ED9 /* UIImageExtension.swift in Sources */,
				8FAD7C4423A39F6400A08ED9 /* ConfirmLanguageVC.swift in Sources */,
				8FAD7C3E23A39F6400A08ED9 /* GametacSDK.swift in Sources */,
				8FAD7C6E23A39F6400A08ED9 /* AlertHelper.swift in Sources */,
				8FAD7C5A23A39F6400A08ED9 /* InAppPurchaseVC.swift in Sources */,
				8FAD7C3A23A39F6400A08ED9 /* LoginSuccessVC.swift in Sources */,
				607FACD61AFB9204008FA782 /* AppDelegate.swift in Sources */,
				8FAD7CA523A39F6400A08ED9 /* MessageModels.swift in Sources */,
				8FAD7C7423A39F6400A08ED9 /* NSFormValidation.swift in Sources */,
				8FAD7CAA23A39F6400A08ED9 /* NotificationVC.swift in Sources */,
				8FAD7C4823A39F6400A08ED9 /* ReportVC.swift in Sources */,
				8FAD7C5F23A39F6400A08ED9 /* NSNetRequest.swift in Sources */,
				8FAD7C6423A39F6400A08ED9 /* UITextFieldExtension.swift in Sources */,
				8FAD7C4123A39F6400A08ED9 /* ChooseLanguageVC.swift in Sources */,
				8FAD7C5523A39F6400A08ED9 /* NewsVC.swift in Sources */,
				8FAD7CAC23A39F6400A08ED9 /* NotificationStruct.swift in Sources */,
				8FAD7CAB23A39F6400A08ED9 /* NotificationService.swift in Sources */,
				8FAD7CC823A39F6400A08ED9 /* CustomSegmentedControl.swift in Sources */,
				8FAD7C6223A39F6400A08ED9 /* NumberExtension.swift in Sources */,
				8FAD7C6123A39F6400A08ED9 /* UICustomTextField.swift in Sources */,
				8FAD7C6D23A39F6400A08ED9 /* MyExtension.swift in Sources */,
			);
			runOnlyForDeploymentPostprocessing = 0;
		};
		607FACE11AFB9204008FA782 /* Sources */ = {
			isa = PBXSourcesBuildPhase;
			buildActionMask = 2147483647;
			files = (
				607FACEC1AFB9204008FA782 /* Tests.swift in Sources */,
			);
			runOnlyForDeploymentPostprocessing = 0;
		};
/* End PBXSourcesBuildPhase section */

/* Begin PBXTargetDependency section */
		607FACE71AFB9204008FA782 /* PBXTargetDependency */ = {
			isa = PBXTargetDependency;
			target = 607FACCF1AFB9204008FA782 /* GametacSDK_Example */;
			targetProxy = 607FACE61AFB9204008FA782 /* PBXContainerItemProxy */;
		};
/* End PBXTargetDependency section */

/* Begin PBXVariantGroup section */
		607FACD91AFB9204008FA782 /* Main.storyboard */ = {
			isa = PBXVariantGroup;
			children = (
				607FACDA1AFB9204008FA782 /* Base */,
			);
			name = Main.storyboard;
			sourceTree = "<group>";
		};
		607FACDE1AFB9204008FA782 /* LaunchScreen.xib */ = {
			isa = PBXVariantGroup;
			children = (
				607FACDF1AFB9204008FA782 /* Base */,
			);
			name = LaunchScreen.xib;
			sourceTree = "<group>";
		};
/* End PBXVariantGroup section */

/* Begin XCBuildConfiguration section */
		607FACED1AFB9204008FA782 /* Debug */ = {
			isa = XCBuildConfiguration;
			buildSettings = {
				ALWAYS_SEARCH_USER_PATHS = NO;
				CLANG_CXX_LANGUAGE_STANDARD = "gnu++0x";
				CLANG_CXX_LIBRARY = "libc++";
				CLANG_ENABLE_MODULES = YES;
				CLANG_ENABLE_OBJC_ARC = YES;
				CLANG_WARN_BLOCK_CAPTURE_AUTORELEASING = YES;
				CLANG_WARN_BOOL_CONVERSION = YES;
				CLANG_WARN_COMMA = YES;
				CLANG_WARN_CONSTANT_CONVERSION = YES;
				CLANG_WARN_DIRECT_OBJC_ISA_USAGE = YES_ERROR;
				CLANG_WARN_EMPTY_BODY = YES;
				CLANG_WARN_ENUM_CONVERSION = YES;
				CLANG_WARN_INFINITE_RECURSION = YES;
				CLANG_WARN_INT_CONVERSION = YES;
				CLANG_WARN_NON_LITERAL_NULL_CONVERSION = YES;
				CLANG_WARN_OBJC_LITERAL_CONVERSION = YES;
				CLANG_WARN_OBJC_ROOT_CLASS = YES_ERROR;
				CLANG_WARN_RANGE_LOOP_ANALYSIS = YES;
				CLANG_WARN_STRICT_PROTOTYPES = YES;
				CLANG_WARN_SUSPICIOUS_MOVE = YES;
				CLANG_WARN_UNREACHABLE_CODE = YES;
				CLANG_WARN__DUPLICATE_METHOD_MATCH = YES;
				"CODE_SIGN_IDENTITY[sdk=iphoneos*]" = "iPhone Developer";
				COPY_PHASE_STRIP = NO;
				DEBUG_INFORMATION_FORMAT = "dwarf-with-dsym";
				ENABLE_STRICT_OBJC_MSGSEND = YES;
				ENABLE_TESTABILITY = YES;
				GCC_C_LANGUAGE_STANDARD = gnu99;
				GCC_DYNAMIC_NO_PIC = NO;
				GCC_NO_COMMON_BLOCKS = YES;
				GCC_OPTIMIZATION_LEVEL = 0;
				GCC_PREPROCESSOR_DEFINITIONS = (
					"DEBUG=1",
					"$(inherited)",
				);
				GCC_SYMBOLS_PRIVATE_EXTERN = NO;
				GCC_WARN_64_TO_32_BIT_CONVERSION = YES;
				GCC_WARN_ABOUT_RETURN_TYPE = YES_ERROR;
				GCC_WARN_UNDECLARED_SELECTOR = YES;
				GCC_WARN_UNINITIALIZED_AUTOS = YES_AGGRESSIVE;
				GCC_WARN_UNUSED_FUNCTION = YES;
				GCC_WARN_UNUSED_VARIABLE = YES;
				IPHONEOS_DEPLOYMENT_TARGET = 11.0;
				MTL_ENABLE_DEBUG_INFO = YES;
				ONLY_ACTIVE_ARCH = YES;
				SDKROOT = iphoneos;
				SWIFT_OPTIMIZATION_LEVEL = "-Onone";
			};
			name = Debug;
		};
		607FACEE1AFB9204008FA782 /* Release */ = {
			isa = XCBuildConfiguration;
			buildSettings = {
				ALWAYS_SEARCH_USER_PATHS = NO;
				CLANG_CXX_LANGUAGE_STANDARD = "gnu++0x";
				CLANG_CXX_LIBRARY = "libc++";
				CLANG_ENABLE_MODULES = YES;
				CLANG_ENABLE_OBJC_ARC = YES;
				CLANG_WARN_BLOCK_CAPTURE_AUTORELEASING = YES;
				CLANG_WARN_BOOL_CONVERSION = YES;
				CLANG_WARN_COMMA = YES;
				CLANG_WARN_CONSTANT_CONVERSION = YES;
				CLANG_WARN_DIRECT_OBJC_ISA_USAGE = YES_ERROR;
				CLANG_WARN_EMPTY_BODY = YES;
				CLANG_WARN_ENUM_CONVERSION = YES;
				CLANG_WARN_INFINITE_RECURSION = YES;
				CLANG_WARN_INT_CONVERSION = YES;
				CLANG_WARN_NON_LITERAL_NULL_CONVERSION = YES;
				CLANG_WARN_OBJC_LITERAL_CONVERSION = YES;
				CLANG_WARN_OBJC_ROOT_CLASS = YES_ERROR;
				CLANG_WARN_RANGE_LOOP_ANALYSIS = YES;
				CLANG_WARN_STRICT_PROTOTYPES = YES;
				CLANG_WARN_SUSPICIOUS_MOVE = YES;
				CLANG_WARN_UNREACHABLE_CODE = YES;
				CLANG_WARN__DUPLICATE_METHOD_MATCH = YES;
				"CODE_SIGN_IDENTITY[sdk=iphoneos*]" = "iPhone Developer";
				COPY_PHASE_STRIP = NO;
				DEBUG_INFORMATION_FORMAT = "dwarf-with-dsym";
				ENABLE_NS_ASSERTIONS = NO;
				ENABLE_STRICT_OBJC_MSGSEND = YES;
				GCC_C_LANGUAGE_STANDARD = gnu99;
				GCC_NO_COMMON_BLOCKS = YES;
				GCC_WARN_64_TO_32_BIT_CONVERSION = YES;
				GCC_WARN_ABOUT_RETURN_TYPE = YES_ERROR;
				GCC_WARN_UNDECLARED_SELECTOR = YES;
				GCC_WARN_UNINITIALIZED_AUTOS = YES_AGGRESSIVE;
				GCC_WARN_UNUSED_FUNCTION = YES;
				GCC_WARN_UNUSED_VARIABLE = YES;
				IPHONEOS_DEPLOYMENT_TARGET = 11.0;
				MTL_ENABLE_DEBUG_INFO = NO;
				SDKROOT = iphoneos;
				SWIFT_OPTIMIZATION_LEVEL = "-Owholemodule";
				VALIDATE_PRODUCT = YES;
			};
			name = Release;
		};
		607FACF01AFB9204008FA782 /* Debug */ = {
			isa = XCBuildConfiguration;
			baseConfigurationReference = C6488F0D265FC525C3801027 /* Pods-GametacSDK_Example.debug.xcconfig */;
			buildSettings = {
				ASSETCATALOG_COMPILER_APPICON_NAME = AppIcon;
				DEVELOPMENT_TEAM = 3AQFQLF33F;
				INFOPLIST_FILE = GametacSDK/Info.plist;
				IPHONEOS_DEPLOYMENT_TARGET = 11.0;
				LD_RUNPATH_SEARCH_PATHS = "$(inherited) @executable_path/Frameworks";
				MODULE_NAME = ExampleApp;
				PRODUCT_BUNDLE_IDENTIFIER = vn.vntac.mynutruyen;
				PRODUCT_NAME = "$(TARGET_NAME)";
				SWIFT_SWIFT3_OBJC_INFERENCE = Default;
				SWIFT_VERSION = 4.2;
			};
			name = Debug;
		};
		607FACF11AFB9204008FA782 /* Release */ = {
			isa = XCBuildConfiguration;
			baseConfigurationReference = 14D73C3F252A784617CDA986 /* Pods-GametacSDK_Example.release.xcconfig */;
			buildSettings = {
				ASSETCATALOG_COMPILER_APPICON_NAME = AppIcon;
				DEVELOPMENT_TEAM = 3AQFQLF33F;
				INFOPLIST_FILE = GametacSDK/Info.plist;
				IPHONEOS_DEPLOYMENT_TARGET = 11.0;
				LD_RUNPATH_SEARCH_PATHS = "$(inherited) @executable_path/Frameworks";
				MODULE_NAME = ExampleApp;
				PRODUCT_BUNDLE_IDENTIFIER = vn.vntac.mynutruyen;
				PRODUCT_NAME = "$(TARGET_NAME)";
				SWIFT_SWIFT3_OBJC_INFERENCE = Default;
				SWIFT_VERSION = 4.2;
			};
			name = Release;
		};
		607FACF31AFB9204008FA782 /* Debug */ = {
			isa = XCBuildConfiguration;
			baseConfigurationReference = FB2293279CD9FE51A54FA66A /* Pods-GametacSDK_Tests.debug.xcconfig */;
			buildSettings = {
				DEVELOPMENT_TEAM = 3AQFQLF33F;
				FRAMEWORK_SEARCH_PATHS = (
					"$(PLATFORM_DIR)/Developer/Library/Frameworks",
					"$(inherited)",
				);
				GCC_PREPROCESSOR_DEFINITIONS = (
					"DEBUG=1",
					"$(inherited)",
				);
				INFOPLIST_FILE = Tests/Info.plist;
				LD_RUNPATH_SEARCH_PATHS = "$(inherited) @executable_path/Frameworks @loader_path/Frameworks";
				PRODUCT_BUNDLE_IDENTIFIER = "org.cocoapods.$(PRODUCT_NAME:rfc1034identifier)";
				PRODUCT_NAME = "$(TARGET_NAME)";
				SWIFT_SWIFT3_OBJC_INFERENCE = Default;
				SWIFT_VERSION = 4.0;
				TEST_HOST = "$(BUILT_PRODUCTS_DIR)/GametacSDK_Example.app/GametacSDK_Example";
			};
			name = Debug;
		};
		607FACF41AFB9204008FA782 /* Release */ = {
			isa = XCBuildConfiguration;
			baseConfigurationReference = C88D7F698419E8AC6BE8FB6E /* Pods-GametacSDK_Tests.release.xcconfig */;
			buildSettings = {
				DEVELOPMENT_TEAM = 3AQFQLF33F;
				FRAMEWORK_SEARCH_PATHS = (
					"$(PLATFORM_DIR)/Developer/Library/Frameworks",
					"$(inherited)",
				);
				INFOPLIST_FILE = Tests/Info.plist;
				LD_RUNPATH_SEARCH_PATHS = "$(inherited) @executable_path/Frameworks @loader_path/Frameworks";
				PRODUCT_BUNDLE_IDENTIFIER = "org.cocoapods.$(PRODUCT_NAME:rfc1034identifier)";
				PRODUCT_NAME = "$(TARGET_NAME)";
				SWIFT_SWIFT3_OBJC_INFERENCE = Default;
				SWIFT_VERSION = 4.0;
				TEST_HOST = "$(BUILT_PRODUCTS_DIR)/GametacSDK_Example.app/GametacSDK_Example";
			};
			name = Release;
		};
/* End XCBuildConfiguration section */

/* Begin XCConfigurationList section */
		607FACCB1AFB9204008FA782 /* Build configuration list for PBXProject "GametacSDK" */ = {
			isa = XCConfigurationList;
			buildConfigurations = (
				607FACED1AFB9204008FA782 /* Debug */,
				607FACEE1AFB9204008FA782 /* Release */,
			);
			defaultConfigurationIsVisible = 0;
			defaultConfigurationName = Release;
		};
		607FACEF1AFB9204008FA782 /* Build configuration list for PBXNativeTarget "GametacSDK_Example" */ = {
			isa = XCConfigurationList;
			buildConfigurations = (
				607FACF01AFB9204008FA782 /* Debug */,
				607FACF11AFB9204008FA782 /* Release */,
			);
			defaultConfigurationIsVisible = 0;
			defaultConfigurationName = Release;
		};
		607FACF21AFB9204008FA782 /* Build configuration list for PBXNativeTarget "GametacSDK_Tests" */ = {
			isa = XCConfigurationList;
			buildConfigurations = (
				607FACF31AFB9204008FA782 /* Debug */,
				607FACF41AFB9204008FA782 /* Release */,
			);
			defaultConfigurationIsVisible = 0;
			defaultConfigurationName = Release;
		};
/* End XCConfigurationList section */
	};
	rootObject = 607FACC81AFB9204008FA782 /* Project object */;
}
