// !$*UTF8*$!
{
	archiveVersion = 1;
	classes = {
	};
	objectVersion = 46;
	objects = {

/* Begin PBXBuildFile section */
		0CBE00F1C49BE1C0D9B0ED99 /* Pods_GametacSDK_Tests.framework in Frameworks */ = {isa = PBXBuildFile; fileRef = 3C1EDBA8169D0080C263F3A9 /* Pods_GametacSDK_Tests.framework */; };
		607FACD61AFB9204008FA782 /* AppDelegate.swift in Sources */ = {isa = PBXBuildFile; fileRef = 607FACD51AFB9204008FA782 /* AppDelegate.swift */; };
		607FACD81AFB9204008FA782 /* ViewController.swift in Sources */ = {isa = PBXBuildFile; fileRef = 607FACD71AFB9204008FA782 /* ViewController.swift */; };
		607FACDB1AFB9204008FA782 /* Main.storyboard in Resources */ = {isa = PBXBuildFile; fileRef = 607FACD91AFB9204008FA782 /* Main.storyboard */; };
		607FACDD1AFB9204008FA782 /* Images.xcassets in Resources */ = {isa = PBXBuildFile; fileRef = 607FACDC1AFB9204008FA782 /* Images.xcassets */; };
		607FACE01AFB9204008FA782 /* LaunchScreen.xib in Resources */ = {isa = PBXBuildFile; fileRef = 607FACDE1AFB9204008FA782 /* LaunchScreen.xib */; };
		607FACEC1AFB9204008FA782 /* Tests.swift in Sources */ = {isa = PBXBuildFile; fileRef = 607FACEB1AFB9204008FA782 /* Tests.swift */; };
		8F84EC7023AA896000AA2F24 /* GoogleService-Info.plist in Resources */ = {isa = PBXBuildFile; fileRef = 8F84EC6F23AA896000AA2F24 /* GoogleService-Info.plist */; };
		8F867A2923ADD9B8004E4A8D /* GametacSDK.swift in Sources */ = {isa = PBXBuildFile; fileRef = 8F8679E523ADD9B8004E4A8D /* GametacSDK.swift */; };
		8F867A2A23ADD9B8004E4A8D /* Contents.json in Resources */ = {isa = PBXBuildFile; fileRef = 8F8679E623ADD9B8004E4A8D /* Contents.json */; };
		8F867A2B23ADD9B8004E4A8D /* Model.swift in Sources */ = {isa = PBXBuildFile; fileRef = 8F8679E823ADD9B8004E4A8D /* Model.swift */; };
		8F867A2C23ADD9B8004E4A8D /* PopupNotice.xib in Resources */ = {isa = PBXBuildFile; fileRef = 8F8679EB23ADD9B8004E4A8D /* PopupNotice.xib */; };
		8F867A2D23ADD9B8004E4A8D /* PopupNotice.swift in Sources */ = {isa = PBXBuildFile; fileRef = 8F8679EC23ADD9B8004E4A8D /* PopupNotice.swift */; };
		8F867A2E23ADD9B8004E4A8D /* LoginVC.swift in Sources */ = {isa = PBXBuildFile; fileRef = 8F8679EE23ADD9B8004E4A8D /* LoginVC.swift */; };
		8F867A2F23ADD9B8004E4A8D /* LoginSuccessVC.xib in Resources */ = {isa = PBXBuildFile; fileRef = 8F8679F023ADD9B8004E4A8D /* LoginSuccessVC.xib */; };
		8F867A3023ADD9B8004E4A8D /* LoginSuccessVC.swift in Sources */ = {isa = PBXBuildFile; fileRef = 8F8679F123ADD9B8004E4A8D /* LoginSuccessVC.swift */; };
		8F867A3123ADD9B8004E4A8D /* LoginVC.xib in Resources */ = {isa = PBXBuildFile; fileRef = 8F8679F223ADD9B8004E4A8D /* LoginVC.xib */; };
		8F867A3223ADD9B8004E4A8D /* RegistryVC.xib in Resources */ = {isa = PBXBuildFile; fileRef = 8F8679F423ADD9B8004E4A8D /* RegistryVC.xib */; };
		8F867A3323ADD9B8004E4A8D /* RegistryVC.swift in Sources */ = {isa = PBXBuildFile; fileRef = 8F8679F523ADD9B8004E4A8D /* RegistryVC.swift */; };
		8F867A3423ADD9B8004E4A8D /* SwitchAccountVC.xib in Resources */ = {isa = PBXBuildFile; fileRef = 8F8679F723ADD9B8004E4A8D /* SwitchAccountVC.xib */; };
		8F867A3523ADD9B8004E4A8D /* SwitchAccountVC.swift in Sources */ = {isa = PBXBuildFile; fileRef = 8F8679F823ADD9B8004E4A8D /* SwitchAccountVC.swift */; };
		8F867A3623ADD9B8004E4A8D /* ChooseLanguageVC.swift in Sources */ = {isa = PBXBuildFile; fileRef = 8F8679FA23ADD9B8004E4A8D /* ChooseLanguageVC.swift */; };
		8F867A3723ADD9B8004E4A8D /* ChooseLanguageVC.xib in Resources */ = {isa = PBXBuildFile; fileRef = 8F8679FB23ADD9B8004E4A8D /* ChooseLanguageVC.xib */; };
		8F867A3823ADD9B8004E4A8D /* ConfirmLanguageVC.xib in Resources */ = {isa = PBXBuildFile; fileRef = 8F8679FD23ADD9B8004E4A8D /* ConfirmLanguageVC.xib */; };
		8F867A3923ADD9B8004E4A8D /* ConfirmLanguageVC.swift in Sources */ = {isa = PBXBuildFile; fileRef = 8F8679FE23ADD9B8004E4A8D /* ConfirmLanguageVC.swift */; };
		8F867A3A23ADD9B8004E4A8D /* PhotoSelectedCell.xib in Resources */ = {isa = PBXBuildFile; fileRef = 8F867A0223ADD9B8004E4A8D /* PhotoSelectedCell.xib */; };
		8F867A3B23ADD9B8004E4A8D /* PhotoSelectedCell.swift in Sources */ = {isa = PBXBuildFile; fileRef = 8F867A0323ADD9B8004E4A8D /* PhotoSelectedCell.swift */; };
		8F867A3C23ADD9B8004E4A8D /* ReportVC.xib in Resources */ = {isa = PBXBuildFile; fileRef = 8F867A0423ADD9B8004E4A8D /* ReportVC.xib */; };
		8F867A3D23ADD9B8004E4A8D /* ReportVC.swift in Sources */ = {isa = PBXBuildFile; fileRef = 8F867A0523ADD9B8004E4A8D /* ReportVC.swift */; };
		8F867A3E23ADD9B8004E4A8D /* DashBroadVC.xib in Resources */ = {isa = PBXBuildFile; fileRef = 8F867A0623ADD9B8004E4A8D /* DashBroadVC.xib */; };
		8F867A3F23ADD9B8004E4A8D /* UserInfoVC.swift in Sources */ = {isa = PBXBuildFile; fileRef = 8F867A0823ADD9B8004E4A8D /* UserInfoVC.swift */; };
		8F867A4023ADD9B8004E4A8D /* UserInfoVC.xib in Resources */ = {isa = PBXBuildFile; fileRef = 8F867A0923ADD9B8004E4A8D /* UserInfoVC.xib */; };
		8F867A4123ADD9B8004E4A8D /* ChangeProfileVC.swift in Sources */ = {isa = PBXBuildFile; fileRef = 8F867A0B23ADD9B8004E4A8D /* ChangeProfileVC.swift */; };
		8F867A4223ADD9B8004E4A8D /* ChangeProfileVC.xib in Resources */ = {isa = PBXBuildFile; fileRef = 8F867A0C23ADD9B8004E4A8D /* ChangeProfileVC.xib */; };
		8F867A4323ADD9B8004E4A8D /* DashBroadVC.swift in Sources */ = {isa = PBXBuildFile; fileRef = 8F867A0D23ADD9B8004E4A8D /* DashBroadVC.swift */; };
		8F867A4423ADD9B8004E4A8D /* NotiCell.swift in Sources */ = {isa = PBXBuildFile; fileRef = 8F867A1023ADD9B8004E4A8D /* NotiCell.swift */; };
		8F867A4523ADD9B8004E4A8D /* NotiCell.xib in Resources */ = {isa = PBXBuildFile; fileRef = 8F867A1123ADD9B8004E4A8D /* NotiCell.xib */; };
		8F867A4623ADD9B8004E4A8D /* NotifVC.xib in Resources */ = {isa = PBXBuildFile; fileRef = 8F867A1223ADD9B8004E4A8D /* NotifVC.xib */; };
		8F867A4723ADD9B8004E4A8D /* DetailNotiVC.xib in Resources */ = {isa = PBXBuildFile; fileRef = 8F867A1423ADD9B8004E4A8D /* DetailNotiVC.xib */; };
		8F867A4823ADD9B8004E4A8D /* DetailNotiVC.swift in Sources */ = {isa = PBXBuildFile; fileRef = 8F867A1523ADD9B8004E4A8D /* DetailNotiVC.swift */; };
		8F867A4923ADD9B8004E4A8D /* NewsVC.xib in Resources */ = {isa = PBXBuildFile; fileRef = 8F867A1723ADD9B8004E4A8D /* NewsVC.xib */; };
		8F867A4A23ADD9B8004E4A8D /* NewsVC.swift in Sources */ = {isa = PBXBuildFile; fileRef = 8F867A1823ADD9B8004E4A8D /* NewsVC.swift */; };
		8F867A4B23ADD9B8004E4A8D /* PopupVC.xib in Resources */ = {isa = PBXBuildFile; fileRef = 8F867A1A23ADD9B8004E4A8D /* PopupVC.xib */; };
		8F867A4C23ADD9B8004E4A8D /* PopupVC.swift in Sources */ = {isa = PBXBuildFile; fileRef = 8F867A1B23ADD9B8004E4A8D /* PopupVC.swift */; };
		8F867A4D23ADD9B8004E4A8D /* NotifVC.swift in Sources */ = {isa = PBXBuildFile; fileRef = 8F867A1C23ADD9B8004E4A8D /* NotifVC.swift */; };
		8F867A4E23ADD9B8004E4A8D /* InAppPurchaseVC.xib in Resources */ = {isa = PBXBuildFile; fileRef = 8F867A1F23ADD9B8004E4A8D /* InAppPurchaseVC.xib */; };
		8F867A4F23ADD9B8004E4A8D /* InAppPurchaseVC.swift in Sources */ = {isa = PBXBuildFile; fileRef = 8F867A2023ADD9B8004E4A8D /* InAppPurchaseVC.swift */; };
		8F867A5023ADD9B8004E4A8D /* IAPCell.xib in Resources */ = {isa = PBXBuildFile; fileRef = 8F867A2223ADD9B8004E4A8D /* IAPCell.xib */; };
		8F867A5123ADD9B8004E4A8D /* IAPCell.swift in Sources */ = {isa = PBXBuildFile; fileRef = 8F867A2323ADD9B8004E4A8D /* IAPCell.swift */; };
		8F867A5223ADD9B8004E4A8D /* PKIAPHandler.swift in Sources */ = {isa = PBXBuildFile; fileRef = 8F867A2423ADD9B8004E4A8D /* PKIAPHandler.swift */; };
		8F867A5323ADD9B8004E4A8D /* UserServices.swift in Sources */ = {isa = PBXBuildFile; fileRef = 8F867A2623ADD9B8004E4A8D /* UserServices.swift */; };
		8F867A5423ADD9B8004E4A8D /* IAPService.swift in Sources */ = {isa = PBXBuildFile; fileRef = 8F867A2723ADD9B8004E4A8D /* IAPService.swift */; };
		8F867A5723ADE711004E4A8D /* ExtensionColor.swift in Sources */ = {isa = PBXBuildFile; fileRef = 8F867A5523ADE711004E4A8D /* ExtensionColor.swift */; };
		8F867A5823ADE711004E4A8D /* DesignableUITextField.swift in Sources */ = {isa = PBXBuildFile; fileRef = 8F867A5623ADE711004E4A8D /* DesignableUITextField.swift */; };
		8F867A5A23ADE71D004E4A8D /* KeyboardLayoutConstraint.swift in Sources */ = {isa = PBXBuildFile; fileRef = 8F867A5923ADE71D004E4A8D /* KeyboardLayoutConstraint.swift */; };
		8F867A5C23ADE739004E4A8D /* UIViewShadownExtension.swift in Sources */ = {isa = PBXBuildFile; fileRef = 8F867A5B23ADE739004E4A8D /* UIViewShadownExtension.swift */; };
		8F867A5E23ADE75E004E4A8D /* MyHelper.swift in Sources */ = {isa = PBXBuildFile; fileRef = 8F867A5D23ADE75E004E4A8D /* MyHelper.swift */; };
		8F867A6023ADE767004E4A8D /* NotificationService.swift in Sources */ = {isa = PBXBuildFile; fileRef = 8F867A5F23ADE767004E4A8D /* NotificationService.swift */; };
		8F867A6223ADE77A004E4A8D /* NSNetRequest.swift in Sources */ = {isa = PBXBuildFile; fileRef = 8F867A6123ADE77A004E4A8D /* NSNetRequest.swift */; };
		8F867A6423ADE795004E4A8D /* NSAuthentication.swift in Sources */ = {isa = PBXBuildFile; fileRef = 8F867A6323ADE795004E4A8D /* NSAuthentication.swift */; };
		8F867A6623ADE91F004E4A8D /* NotificationStruct.swift in Sources */ = {isa = PBXBuildFile; fileRef = 8F867A6523ADE91F004E4A8D /* NotificationStruct.swift */; };
		8F867A6823ADE967004E4A8D /* StringExtension.swift in Sources */ = {isa = PBXBuildFile; fileRef = 8F867A6723ADE967004E4A8D /* StringExtension.swift */; };
		8F867A6A23AE0286004E4A8D /* MyExtension.swift in Sources */ = {isa = PBXBuildFile; fileRef = 8F867A6923AE0286004E4A8D /* MyExtension.swift */; };
		8FAD7B0623A3911000A08ED9 /* Assets.xcassets in Resources */ = {isa = PBXBuildFile; fileRef = 8FAD7A7923A3910F00A08ED9 /* Assets.xcassets */; };
		8FAD7B0723A3911000A08ED9 /* OpenSans-Semibold.ttf in Resources */ = {isa = PBXBuildFile; fileRef = 8FAD7A7B23A3910F00A08ED9 /* OpenSans-Semibold.ttf */; };
		8FAD7B0823A3911000A08ED9 /* OpenSans-Light.ttf in Resources */ = {isa = PBXBuildFile; fileRef = 8FAD7A7C23A3910F00A08ED9 /* OpenSans-Light.ttf */; };
		8FAD7B0923A3911000A08ED9 /* OpenSans-Italic.ttf in Resources */ = {isa = PBXBuildFile; fileRef = 8FAD7A7D23A3910F00A08ED9 /* OpenSans-Italic.ttf */; };
		8FAD7B0A23A3911000A08ED9 /* Apache License.txt in Resources */ = {isa = PBXBuildFile; fileRef = 8FAD7A7E23A3910F00A08ED9 /* Apache License.txt */; };
		8FAD7B0B23A3911000A08ED9 /* OpenSans-ExtraBold.ttf in Resources */ = {isa = PBXBuildFile; fileRef = 8FAD7A7F23A3910F00A08ED9 /* OpenSans-ExtraBold.ttf */; };
		8FAD7B0C23A3911000A08ED9 /* OpenSans-LightItalic.ttf in Resources */ = {isa = PBXBuildFile; fileRef = 8FAD7A8023A3910F00A08ED9 /* OpenSans-LightItalic.ttf */; };
		8FAD7B0D23A3911000A08ED9 /* OpenSans-Bold.ttf in Resources */ = {isa = PBXBuildFile; fileRef = 8FAD7A8123A3910F00A08ED9 /* OpenSans-Bold.ttf */; };
		8FAD7B0E23A3911000A08ED9 /* OpenSans-SemiboldItalic.ttf in Resources */ = {isa = PBXBuildFile; fileRef = 8FAD7A8223A3910F00A08ED9 /* OpenSans-SemiboldItalic.ttf */; };
		8FAD7B0F23A3911000A08ED9 /* OpenSans-ExtraBoldItalic.ttf in Resources */ = {isa = PBXBuildFile; fileRef = 8FAD7A8323A3910F00A08ED9 /* OpenSans-ExtraBoldItalic.ttf */; };
		8FAD7B1023A3911000A08ED9 /* OpenSans-Regular.ttf in Resources */ = {isa = PBXBuildFile; fileRef = 8FAD7A8423A3910F00A08ED9 /* OpenSans-Regular.ttf */; };
		8FAD7B1123A3911000A08ED9 /* OpenSans-BoldItalic.ttf in Resources */ = {isa = PBXBuildFile; fileRef = 8FAD7A8523A3910F00A08ED9 /* OpenSans-BoldItalic.ttf */; };
		F64A153EC1185E43BC747092 /* Pods_GametacSDK_Example.framework in Frameworks */ = {isa = PBXBuildFile; fileRef = A287E23E5F69ADEB5C1AE1FF /* Pods_GametacSDK_Example.framework */; };
/* End PBXBuildFile section */

/* Begin PBXContainerItemProxy section */
		607FACE61AFB9204008FA782 /* PBXContainerItemProxy */ = {
			isa = PBXContainerItemProxy;
			containerPortal = 607FACC81AFB9204008FA782 /* Project object */;
			proxyType = 1;
			remoteGlobalIDString = 607FACCF1AFB9204008FA782;
			remoteInfo = GametacSDK;
		};
/* End PBXContainerItemProxy section */

/* Begin PBXFileReference section */
		14D73C3F252A784617CDA986 /* Pods-GametacSDK_Example.release.xcconfig */ = {isa = PBXFileReference; includeInIndex = 1; lastKnownFileType = text.xcconfig; name = "Pods-GametacSDK_Example.release.xcconfig"; path = "Target Support Files/Pods-GametacSDK_Example/Pods-GametacSDK_Example.release.xcconfig"; sourceTree = "<group>"; };
		3AA1E26BE853BC4B2E57C50D /* README.md */ = {isa = PBXFileReference; includeInIndex = 1; lastKnownFileType = net.daringfireball.markdown; name = README.md; path = ../README.md; sourceTree = "<group>"; };
		3C1EDBA8169D0080C263F3A9 /* Pods_GametacSDK_Tests.framework */ = {isa = PBXFileReference; explicitFileType = wrapper.framework; includeInIndex = 0; path = Pods_GametacSDK_Tests.framework; sourceTree = BUILT_PRODUCTS_DIR; };
		607FACD01AFB9204008FA782 /* GametacSDK_Example.app */ = {isa = PBXFileReference; explicitFileType = wrapper.application; includeInIndex = 0; path = GametacSDK_Example.app; sourceTree = BUILT_PRODUCTS_DIR; };
		607FACD41AFB9204008FA782 /* Info.plist */ = {isa = PBXFileReference; lastKnownFileType = text.plist.xml; path = Info.plist; sourceTree = "<group>"; };
		607FACD51AFB9204008FA782 /* AppDelegate.swift */ = {isa = PBXFileReference; lastKnownFileType = sourcecode.swift; path = AppDelegate.swift; sourceTree = "<group>"; };
		607FACD71AFB9204008FA782 /* ViewController.swift */ = {isa = PBXFileReference; lastKnownFileType = sourcecode.swift; path = ViewController.swift; sourceTree = "<group>"; };
		607FACDA1AFB9204008FA782 /* Base */ = {isa = PBXFileReference; lastKnownFileType = file.storyboard; name = Base; path = Base.lproj/Main.storyboard; sourceTree = "<group>"; };
		607FACDC1AFB9204008FA782 /* Images.xcassets */ = {isa = PBXFileReference; lastKnownFileType = folder.assetcatalog; path = Images.xcassets; sourceTree = "<group>"; };
		607FACDF1AFB9204008FA782 /* Base */ = {isa = PBXFileReference; lastKnownFileType = file.xib; name = Base; path = Base.lproj/LaunchScreen.xib; sourceTree = "<group>"; };
		607FACE51AFB9204008FA782 /* GametacSDK_Tests.xctest */ = {isa = PBXFileReference; explicitFileType = wrapper.cfbundle; includeInIndex = 0; path = GametacSDK_Tests.xctest; sourceTree = BUILT_PRODUCTS_DIR; };
		607FACEA1AFB9204008FA782 /* Info.plist */ = {isa = PBXFileReference; lastKnownFileType = text.plist.xml; path = Info.plist; sourceTree = "<group>"; };
		607FACEB1AFB9204008FA782 /* Tests.swift */ = {isa = PBXFileReference; lastKnownFileType = sourcecode.swift; path = Tests.swift; sourceTree = "<group>"; };
		63B257192C9E346BE17B9602 /* LICENSE */ = {isa = PBXFileReference; includeInIndex = 1; lastKnownFileType = text; name = LICENSE; path = ../LICENSE; sourceTree = "<group>"; };
		8F84EC6F23AA896000AA2F24 /* GoogleService-Info.plist */ = {isa = PBXFileReference; fileEncoding = 4; lastKnownFileType = text.plist.xml; path = "GoogleService-Info.plist"; sourceTree = "<group>"; };
		8F8679E523ADD9B8004E4A8D /* GametacSDK.swift */ = {isa = PBXFileReference; fileEncoding = 4; lastKnownFileType = sourcecode.swift; path = GametacSDK.swift; sourceTree = "<group>"; };
		8F8679E623ADD9B8004E4A8D /* Contents.json */ = {isa = PBXFileReference; fileEncoding = 4; lastKnownFileType = text.json; path = Contents.json; sourceTree = "<group>"; };
		8F8679E823ADD9B8004E4A8D /* Model.swift */ = {isa = PBXFileReference; fileEncoding = 4; lastKnownFileType = sourcecode.swift; path = Model.swift; sourceTree = "<group>"; };
		8F8679EB23ADD9B8004E4A8D /* PopupNotice.xib */ = {isa = PBXFileReference; fileEncoding = 4; lastKnownFileType = file.xib; path = PopupNotice.xib; sourceTree = "<group>"; };
		8F8679EC23ADD9B8004E4A8D /* PopupNotice.swift */ = {isa = PBXFileReference; fileEncoding = 4; lastKnownFileType = sourcecode.swift; path = PopupNotice.swift; sourceTree = "<group>"; };
		8F8679EE23ADD9B8004E4A8D /* LoginVC.swift */ = {isa = PBXFileReference; fileEncoding = 4; lastKnownFileType = sourcecode.swift; path = LoginVC.swift; sourceTree = "<group>"; };
		8F8679F023ADD9B8004E4A8D /* LoginSuccessVC.xib */ = {isa = PBXFileReference; fileEncoding = 4; lastKnownFileType = file.xib; path = LoginSuccessVC.xib; sourceTree = "<group>"; };
		8F8679F123ADD9B8004E4A8D /* LoginSuccessVC.swift */ = {isa = PBXFileReference; fileEncoding = 4; lastKnownFileType = sourcecode.swift; path = LoginSuccessVC.swift; sourceTree = "<group>"; };
		8F8679F223ADD9B8004E4A8D /* LoginVC.xib */ = {isa = PBXFileReference; fileEncoding = 4; lastKnownFileType = file.xib; path = LoginVC.xib; sourceTree = "<group>"; };
		8F8679F423ADD9B8004E4A8D /* RegistryVC.xib */ = {isa = PBXFileReference; fileEncoding = 4; lastKnownFileType = file.xib; path = RegistryVC.xib; sourceTree = "<group>"; };
		8F8679F523ADD9B8004E4A8D /* RegistryVC.swift */ = {isa = PBXFileReference; fileEncoding = 4; lastKnownFileType = sourcecode.swift; path = RegistryVC.swift; sourceTree = "<group>"; };
		8F8679F723ADD9B8004E4A8D /* SwitchAccountVC.xib */ = {isa = PBXFileReference; fileEncoding = 4; lastKnownFileType = file.xib; path = SwitchAccountVC.xib; sourceTree = "<group>"; };
		8F8679F823ADD9B8004E4A8D /* SwitchAccountVC.swift */ = {isa = PBXFileReference; fileEncoding = 4; lastKnownFileType = sourcecode.swift; path = SwitchAccountVC.swift; sourceTree = "<group>"; };
		8F8679FA23ADD9B8004E4A8D /* ChooseLanguageVC.swift */ = {isa = PBXFileReference; fileEncoding = 4; lastKnownFileType = sourcecode.swift; path = ChooseLanguageVC.swift; sourceTree = "<group>"; };
		8F8679FB23ADD9B8004E4A8D /* ChooseLanguageVC.xib */ = {isa = PBXFileReference; fileEncoding = 4; lastKnownFileType = file.xib; path = ChooseLanguageVC.xib; sourceTree = "<group>"; };
		8F8679FD23ADD9B8004E4A8D /* ConfirmLanguageVC.xib */ = {isa = PBXFileReference; fileEncoding = 4; lastKnownFileType = file.xib; path = ConfirmLanguageVC.xib; sourceTree = "<group>"; };
		8F8679FE23ADD9B8004E4A8D /* ConfirmLanguageVC.swift */ = {isa = PBXFileReference; fileEncoding = 4; lastKnownFileType = sourcecode.swift; path = ConfirmLanguageVC.swift; sourceTree = "<group>"; };
		8F867A0223ADD9B8004E4A8D /* PhotoSelectedCell.xib */ = {isa = PBXFileReference; fileEncoding = 4; lastKnownFileType = file.xib; path = PhotoSelectedCell.xib; sourceTree = "<group>"; };
		8F867A0323ADD9B8004E4A8D /* PhotoSelectedCell.swift */ = {isa = PBXFileReference; fileEncoding = 4; lastKnownFileType = sourcecode.swift; path = PhotoSelectedCell.swift; sourceTree = "<group>"; };
		8F867A0423ADD9B8004E4A8D /* ReportVC.xib */ = {isa = PBXFileReference; fileEncoding = 4; lastKnownFileType = file.xib; path = ReportVC.xib; sourceTree = "<group>"; };
		8F867A0523ADD9B8004E4A8D /* ReportVC.swift */ = {isa = PBXFileReference; fileEncoding = 4; lastKnownFileType = sourcecode.swift; path = ReportVC.swift; sourceTree = "<group>"; };
		8F867A0623ADD9B8004E4A8D /* DashBroadVC.xib */ = {isa = PBXFileReference; fileEncoding = 4; lastKnownFileType = file.xib; path = DashBroadVC.xib; sourceTree = "<group>"; };
		8F867A0823ADD9B8004E4A8D /* UserInfoVC.swift */ = {isa = PBXFileReference; fileEncoding = 4; lastKnownFileType = sourcecode.swift; path = UserInfoVC.swift; sourceTree = "<group>"; };
		8F867A0923ADD9B8004E4A8D /* UserInfoVC.xib */ = {isa = PBXFileReference; fileEncoding = 4; lastKnownFileType = file.xib; path = UserInfoVC.xib; sourceTree = "<group>"; };
		8F867A0B23ADD9B8004E4A8D /* ChangeProfileVC.swift */ = {isa = PBXFileReference; fileEncoding = 4; lastKnownFileType = sourcecode.swift; path = ChangeProfileVC.swift; sourceTree = "<group>"; };
		8F867A0C23ADD9B8004E4A8D /* ChangeProfileVC.xib */ = {isa = PBXFileReference; fileEncoding = 4; lastKnownFileType = file.xib; path = ChangeProfileVC.xib; sourceTree = "<group>"; };
		8F867A0D23ADD9B8004E4A8D /* DashBroadVC.swift */ = {isa = PBXFileReference; fileEncoding = 4; lastKnownFileType = sourcecode.swift; path = DashBroadVC.swift; sourceTree = "<group>"; };
		8F867A1023ADD9B8004E4A8D /* NotiCell.swift */ = {isa = PBXFileReference; fileEncoding = 4; lastKnownFileType = sourcecode.swift; path = NotiCell.swift; sourceTree = "<group>"; };
		8F867A1123ADD9B8004E4A8D /* NotiCell.xib */ = {isa = PBXFileReference; fileEncoding = 4; lastKnownFileType = file.xib; path = NotiCell.xib; sourceTree = "<group>"; };
		8F867A1223ADD9B8004E4A8D /* NotifVC.xib */ = {isa = PBXFileReference; fileEncoding = 4; lastKnownFileType = file.xib; path = NotifVC.xib; sourceTree = "<group>"; };
		8F867A1423ADD9B8004E4A8D /* DetailNotiVC.xib */ = {isa = PBXFileReference; fileEncoding = 4; lastKnownFileType = file.xib; path = DetailNotiVC.xib; sourceTree = "<group>"; };
		8F867A1523ADD9B8004E4A8D /* DetailNotiVC.swift */ = {isa = PBXFileReference; fileEncoding = 4; lastKnownFileType = sourcecode.swift; path = DetailNotiVC.swift; sourceTree = "<group>"; };
		8F867A1723ADD9B8004E4A8D /* NewsVC.xib */ = {isa = PBXFileReference; fileEncoding = 4; lastKnownFileType = file.xib; path = NewsVC.xib; sourceTree = "<group>"; };
		8F867A1823ADD9B8004E4A8D /* NewsVC.swift */ = {isa = PBXFileReference; fileEncoding = 4; lastKnownFileType = sourcecode.swift; path = NewsVC.swift; sourceTree = "<group>"; };
		8F867A1A23ADD9B8004E4A8D /* PopupVC.xib */ = {isa = PBXFileReference; fileEncoding = 4; lastKnownFileType = file.xib; path = PopupVC.xib; sourceTree = "<group>"; };
		8F867A1B23ADD9B8004E4A8D /* PopupVC.swift */ = {isa = PBXFileReference; fileEncoding = 4; lastKnownFileType = sourcecode.swift; path = PopupVC.swift; sourceTree = "<group>"; };
		8F867A1C23ADD9B8004E4A8D /* NotifVC.swift */ = {isa = PBXFileReference; fileEncoding = 4; lastKnownFileType = sourcecode.swift; path = NotifVC.swift; sourceTree = "<group>"; };
		8F867A1F23ADD9B8004E4A8D /* InAppPurchaseVC.xib */ = {isa = PBXFileReference; fileEncoding = 4; lastKnownFileType = file.xib; path = InAppPurchaseVC.xib; sourceTree = "<group>"; };
		8F867A2023ADD9B8004E4A8D /* InAppPurchaseVC.swift */ = {isa = PBXFileReference; fileEncoding = 4; lastKnownFileType = sourcecode.swift; path = InAppPurchaseVC.swift; sourceTree = "<group>"; };
		8F867A2223ADD9B8004E4A8D /* IAPCell.xib */ = {isa = PBXFileReference; fileEncoding = 4; lastKnownFileType = file.xib; path = IAPCell.xib; sourceTree = "<group>"; };
		8F867A2323ADD9B8004E4A8D /* IAPCell.swift */ = {isa = PBXFileReference; fileEncoding = 4; lastKnownFileType = sourcecode.swift; path = IAPCell.swift; sourceTree = "<group>"; };
		8F867A2423ADD9B8004E4A8D /* PKIAPHandler.swift */ = {isa = PBXFileReference; fileEncoding = 4; lastKnownFileType = sourcecode.swift; path = PKIAPHandler.swift; sourceTree = "<group>"; };
		8F867A2623ADD9B8004E4A8D /* UserServices.swift */ = {isa = PBXFileReference; fileEncoding = 4; lastKnownFileType = sourcecode.swift; path = UserServices.swift; sourceTree = "<group>"; };
		8F867A2723ADD9B8004E4A8D /* IAPService.swift */ = {isa = PBXFileReference; fileEncoding = 4; lastKnownFileType = sourcecode.swift; path = IAPService.swift; sourceTree = "<group>"; };
		8F867A5523ADE711004E4A8D /* ExtensionColor.swift */ = {isa = PBXFileReference; fileEncoding = 4; lastKnownFileType = sourcecode.swift; path = ExtensionColor.swift; sourceTree = "<group>"; };
		8F867A5623ADE711004E4A8D /* DesignableUITextField.swift */ = {isa = PBXFileReference; fileEncoding = 4; lastKnownFileType = sourcecode.swift; path = DesignableUITextField.swift; sourceTree = "<group>"; };
		8F867A5923ADE71D004E4A8D /* KeyboardLayoutConstraint.swift */ = {isa = PBXFileReference; fileEncoding = 4; lastKnownFileType = sourcecode.swift; path = KeyboardLayoutConstraint.swift; sourceTree = "<group>"; };
		8F867A5B23ADE739004E4A8D /* UIViewShadownExtension.swift */ = {isa = PBXFileReference; fileEncoding = 4; lastKnownFileType = sourcecode.swift; path = UIViewShadownExtension.swift; sourceTree = "<group>"; };
		8F867A5D23ADE75E004E4A8D /* MyHelper.swift */ = {isa = PBXFileReference; fileEncoding = 4; lastKnownFileType = sourcecode.swift; path = MyHelper.swift; sourceTree = "<group>"; };
		8F867A5F23ADE767004E4A8D /* NotificationService.swift */ = {isa = PBXFileReference; fileEncoding = 4; lastKnownFileType = sourcecode.swift; path = NotificationService.swift; sourceTree = "<group>"; };
		8F867A6123ADE77A004E4A8D /* NSNetRequest.swift */ = {isa = PBXFileReference; fileEncoding = 4; lastKnownFileType = sourcecode.swift; path = NSNetRequest.swift; sourceTree = "<group>"; };
		8F867A6323ADE795004E4A8D /* NSAuthentication.swift */ = {isa = PBXFileReference; fileEncoding = 4; lastKnownFileType = sourcecode.swift; path = NSAuthentication.swift; sourceTree = "<group>"; };
		8F867A6523ADE91F004E4A8D /* NotificationStruct.swift */ = {isa = PBXFileReference; fileEncoding = 4; lastKnownFileType = sourcecode.swift; path = NotificationStruct.swift; sourceTree = "<group>"; };
		8F867A6723ADE967004E4A8D /* StringExtension.swift */ = {isa = PBXFileReference; fileEncoding = 4; lastKnownFileType = sourcecode.swift; path = StringExtension.swift; sourceTree = "<group>"; };
		8F867A6923AE0286004E4A8D /* MyExtension.swift */ = {isa = PBXFileReference; fileEncoding = 4; lastKnownFileType = sourcecode.swift; path = MyExtension.swift; sourceTree = "<group>"; };
		8FAD7A7923A3910F00A08ED9 /* Assets.xcassets */ = {isa = PBXFileReference; lastKnownFileType = folder.assetcatalog; path = Assets.xcassets; sourceTree = "<group>"; };
		8FAD7A7B23A3910F00A08ED9 /* OpenSans-Semibold.ttf */ = {isa = PBXFileReference; lastKnownFileType = file; path = "OpenSans-Semibold.ttf"; sourceTree = "<group>"; };
		8FAD7A7C23A3910F00A08ED9 /* OpenSans-Light.ttf */ = {isa = PBXFileReference; lastKnownFileType = file; path = "OpenSans-Light.ttf"; sourceTree = "<group>"; };
		8FAD7A7D23A3910F00A08ED9 /* OpenSans-Italic.ttf */ = {isa = PBXFileReference; lastKnownFileType = file; path = "OpenSans-Italic.ttf"; sourceTree = "<group>"; };
		8FAD7A7E23A3910F00A08ED9 /* Apache License.txt */ = {isa = PBXFileReference; fileEncoding = 4; lastKnownFileType = text; path = "Apache License.txt"; sourceTree = "<group>"; };
		8FAD7A7F23A3910F00A08ED9 /* OpenSans-ExtraBold.ttf */ = {isa = PBXFileReference; lastKnownFileType = file; path = "OpenSans-ExtraBold.ttf"; sourceTree = "<group>"; };
		8FAD7A8023A3910F00A08ED9 /* OpenSans-LightItalic.ttf */ = {isa = PBXFileReference; lastKnownFileType = file; path = "OpenSans-LightItalic.ttf"; sourceTree = "<group>"; };
		8FAD7A8123A3910F00A08ED9 /* OpenSans-Bold.ttf */ = {isa = PBXFileReference; lastKnownFileType = file; path = "OpenSans-Bold.ttf"; sourceTree = "<group>"; };
		8FAD7A8223A3910F00A08ED9 /* OpenSans-SemiboldItalic.ttf */ = {isa = PBXFileReference; lastKnownFileType = file; path = "OpenSans-SemiboldItalic.ttf"; sourceTree = "<group>"; };
		8FAD7A8323A3910F00A08ED9 /* OpenSans-ExtraBoldItalic.ttf */ = {isa = PBXFileReference; lastKnownFileType = file; path = "OpenSans-ExtraBoldItalic.ttf"; sourceTree = "<group>"; };
		8FAD7A8423A3910F00A08ED9 /* OpenSans-Regular.ttf */ = {isa = PBXFileReference; lastKnownFileType = file; path = "OpenSans-Regular.ttf"; sourceTree = "<group>"; };
		8FAD7A8523A3910F00A08ED9 /* OpenSans-BoldItalic.ttf */ = {isa = PBXFileReference; lastKnownFileType = file; path = "OpenSans-BoldItalic.ttf"; sourceTree = "<group>"; };
		A287E23E5F69ADEB5C1AE1FF /* Pods_GametacSDK_Example.framework */ = {isa = PBXFileReference; explicitFileType = wrapper.framework; includeInIndex = 0; path = Pods_GametacSDK_Example.framework; sourceTree = BUILT_PRODUCTS_DIR; };
		C6488F0D265FC525C3801027 /* Pods-GametacSDK_Example.debug.xcconfig */ = {isa = PBXFileReference; includeInIndex = 1; lastKnownFileType = text.xcconfig; name = "Pods-GametacSDK_Example.debug.xcconfig"; path = "Target Support Files/Pods-GametacSDK_Example/Pods-GametacSDK_Example.debug.xcconfig"; sourceTree = "<group>"; };
		C88D7F698419E8AC6BE8FB6E /* Pods-GametacSDK_Tests.release.xcconfig */ = {isa = PBXFileReference; includeInIndex = 1; lastKnownFileType = text.xcconfig; name = "Pods-GametacSDK_Tests.release.xcconfig"; path = "Target Support Files/Pods-GametacSDK_Tests/Pods-GametacSDK_Tests.release.xcconfig"; sourceTree = "<group>"; };
		E245E6E389168BC1C87B22C0 /* GametacSDK.podspec */ = {isa = PBXFileReference; includeInIndex = 1; lastKnownFileType = text; name = GametacSDK.podspec; path = ../GametacSDK.podspec; sourceTree = "<group>"; xcLanguageSpecificationIdentifier = xcode.lang.ruby; };
		FB2293279CD9FE51A54FA66A /* Pods-GametacSDK_Tests.debug.xcconfig */ = {isa = PBXFileReference; includeInIndex = 1; lastKnownFileType = text.xcconfig; name = "Pods-GametacSDK_Tests.debug.xcconfig"; path = "Target Support Files/Pods-GametacSDK_Tests/Pods-GametacSDK_Tests.debug.xcconfig"; sourceTree = "<group>"; };
/* End PBXFileReference section */

/* Begin PBXFrameworksBuildPhase section */
		607FACCD1AFB9204008FA782 /* Frameworks */ = {
			isa = PBXFrameworksBuildPhase;
			buildActionMask = 2147483647;
			files = (
				F64A153EC1185E43BC747092 /* Pods_GametacSDK_Example.framework in Frameworks */,
			);
			runOnlyForDeploymentPostprocessing = 0;
		};
		607FACE21AFB9204008FA782 /* Frameworks */ = {
			isa = PBXFrameworksBuildPhase;
			buildActionMask = 2147483647;
			files = (
				0CBE00F1C49BE1C0D9B0ED99 /* Pods_GametacSDK_Tests.framework in Frameworks */,
			);
			runOnlyForDeploymentPostprocessing = 0;
		};
/* End PBXFrameworksBuildPhase section */

/* Begin PBXGroup section */
		21E6201FC7705F7D2C6A7D71 /* Frameworks */ = {
			isa = PBXGroup;
			children = (
				A287E23E5F69ADEB5C1AE1FF /* Pods_GametacSDK_Example.framework */,
				3C1EDBA8169D0080C263F3A9 /* Pods_GametacSDK_Tests.framework */,
			);
			name = Frameworks;
			sourceTree = "<group>";
		};
		607FACC71AFB9204008FA782 = {
			isa = PBXGroup;
			children = (
				8FAD799623A3910F00A08ED9 /* GametacSDK */,
				607FACF51AFB993E008FA782 /* Podspec Metadata */,
				607FACD21AFB9204008FA782 /* Example for GametacSDK */,
				607FACE81AFB9204008FA782 /* Tests */,
				607FACD11AFB9204008FA782 /* Products */,
				BB14AEB2312386702A2E3B82 /* Pods */,
				21E6201FC7705F7D2C6A7D71 /* Frameworks */,
			);
			sourceTree = "<group>";
		};
		607FACD11AFB9204008FA782 /* Products */ = {
			isa = PBXGroup;
			children = (
				607FACD01AFB9204008FA782 /* GametacSDK_Example.app */,
				607FACE51AFB9204008FA782 /* GametacSDK_Tests.xctest */,
			);
			name = Products;
			sourceTree = "<group>";
		};
		607FACD21AFB9204008FA782 /* Example for GametacSDK */ = {
			isa = PBXGroup;
			children = (
				8F84EC6F23AA896000AA2F24 /* GoogleService-Info.plist */,
				607FACD51AFB9204008FA782 /* AppDelegate.swift */,
				607FACD71AFB9204008FA782 /* ViewController.swift */,
				607FACD91AFB9204008FA782 /* Main.storyboard */,
				607FACDC1AFB9204008FA782 /* Images.xcassets */,
				607FACDE1AFB9204008FA782 /* LaunchScreen.xib */,
				607FACD31AFB9204008FA782 /* Supporting Files */,
			);
			name = "Example for GametacSDK";
			path = GametacSDK;
			sourceTree = "<group>";
		};
		607FACD31AFB9204008FA782 /* Supporting Files */ = {
			isa = PBXGroup;
			children = (
				607FACD41AFB9204008FA782 /* Info.plist */,
			);
			name = "Supporting Files";
			sourceTree = "<group>";
		};
		607FACE81AFB9204008FA782 /* Tests */ = {
			isa = PBXGroup;
			children = (
				607FACEB1AFB9204008FA782 /* Tests.swift */,
				607FACE91AFB9204008FA782 /* Supporting Files */,
			);
			path = Tests;
			sourceTree = "<group>";
		};
		607FACE91AFB9204008FA782 /* Supporting Files */ = {
			isa = PBXGroup;
			children = (
				607FACEA1AFB9204008FA782 /* Info.plist */,
			);
			name = "Supporting Files";
			sourceTree = "<group>";
		};
		607FACF51AFB993E008FA782 /* Podspec Metadata */ = {
			isa = PBXGroup;
			children = (
				E245E6E389168BC1C87B22C0 /* GametacSDK.podspec */,
				3AA1E26BE853BC4B2E57C50D /* README.md */,
				63B257192C9E346BE17B9602 /* LICENSE */,
			);
			name = "Podspec Metadata";
			sourceTree = "<group>";
		};
		8F8679E723ADD9B8004E4A8D /* Models */ = {
			isa = PBXGroup;
			children = (
				8F867A6523ADE91F004E4A8D /* NotificationStruct.swift */,
				8F8679E823ADD9B8004E4A8D /* Model.swift */,
			);
			path = Models;
			sourceTree = "<group>";
		};
		8F8679E923ADD9B8004E4A8D /* View */ = {
			isa = PBXGroup;
			children = (
				8F8679EA23ADD9B8004E4A8D /* PopupNotice */,
				8F8679ED23ADD9B8004E4A8D /* LoginVC */,
				8F8679F623ADD9B8004E4A8D /* SwitchAccountVC */,
				8F8679F923ADD9B8004E4A8D /* ChooseLanguageVC */,
				8F8679FF23ADD9B8004E4A8D /* DashBroadVC */,
				8F867A1D23ADD9B8004E4A8D /* InAppPurchase */,
			);
			path = View;
			sourceTree = "<group>";
		};
		8F8679EA23ADD9B8004E4A8D /* PopupNotice */ = {
			isa = PBXGroup;
			children = (
				8F8679EB23ADD9B8004E4A8D /* PopupNotice.xib */,
				8F8679EC23ADD9B8004E4A8D /* PopupNotice.swift */,
			);
			path = PopupNotice;
			sourceTree = "<group>";
		};
		8F8679ED23ADD9B8004E4A8D /* LoginVC */ = {
			isa = PBXGroup;
			children = (
				8F8679EE23ADD9B8004E4A8D /* LoginVC.swift */,
				8F8679EF23ADD9B8004E4A8D /* LoginSuccessVC */,
				8F8679F223ADD9B8004E4A8D /* LoginVC.xib */,
				8F8679F323ADD9B8004E4A8D /* RegistryVC */,
			);
			path = LoginVC;
			sourceTree = "<group>";
		};
		8F8679EF23ADD9B8004E4A8D /* LoginSuccessVC */ = {
			isa = PBXGroup;
			children = (
				8F8679F023ADD9B8004E4A8D /* LoginSuccessVC.xib */,
				8F8679F123ADD9B8004E4A8D /* LoginSuccessVC.swift */,
			);
			path = LoginSuccessVC;
			sourceTree = "<group>";
		};
		8F8679F323ADD9B8004E4A8D /* RegistryVC */ = {
			isa = PBXGroup;
			children = (
				8F8679F423ADD9B8004E4A8D /* RegistryVC.xib */,
				8F8679F523ADD9B8004E4A8D /* RegistryVC.swift */,
			);
			path = RegistryVC;
			sourceTree = "<group>";
		};
		8F8679F623ADD9B8004E4A8D /* SwitchAccountVC */ = {
			isa = PBXGroup;
			children = (
				8F8679F723ADD9B8004E4A8D /* SwitchAccountVC.xib */,
				8F8679F823ADD9B8004E4A8D /* SwitchAccountVC.swift */,
			);
			path = SwitchAccountVC;
			sourceTree = "<group>";
		};
		8F8679F923ADD9B8004E4A8D /* ChooseLanguageVC */ = {
			isa = PBXGroup;
			children = (
				8F8679FA23ADD9B8004E4A8D /* ChooseLanguageVC.swift */,
				8F8679FB23ADD9B8004E4A8D /* ChooseLanguageVC.xib */,
				8F8679FC23ADD9B8004E4A8D /* ConfirmLanguageVC */,
			);
			path = ChooseLanguageVC;
			sourceTree = "<group>";
		};
		8F8679FC23ADD9B8004E4A8D /* ConfirmLanguageVC */ = {
			isa = PBXGroup;
			children = (
				8F8679FD23ADD9B8004E4A8D /* ConfirmLanguageVC.xib */,
				8F8679FE23ADD9B8004E4A8D /* ConfirmLanguageVC.swift */,
			);
			path = ConfirmLanguageVC;
			sourceTree = "<group>";
		};
		8F8679FF23ADD9B8004E4A8D /* DashBroadVC */ = {
			isa = PBXGroup;
			children = (
				8F867A0023ADD9B8004E4A8D /* ReportVC */,
				8F867A0623ADD9B8004E4A8D /* DashBroadVC.xib */,
				8F867A0723ADD9B8004E4A8D /* UserInfoVC */,
				8F867A0A23ADD9B8004E4A8D /* ChangeProfileVC */,
				8F867A0D23ADD9B8004E4A8D /* DashBroadVC.swift */,
				8F867A0E23ADD9B8004E4A8D /* NotifVC */,
			);
			path = DashBroadVC;
			sourceTree = "<group>";
		};
		8F867A0023ADD9B8004E4A8D /* ReportVC */ = {
			isa = PBXGroup;
			children = (
				8F867A0123ADD9B8004E4A8D /* PhotoSelectedCell */,
				8F867A0423ADD9B8004E4A8D /* ReportVC.xib */,
				8F867A0523ADD9B8004E4A8D /* ReportVC.swift */,
			);
			path = ReportVC;
			sourceTree = "<group>";
		};
		8F867A0123ADD9B8004E4A8D /* PhotoSelectedCell */ = {
			isa = PBXGroup;
			children = (
				8F867A0223ADD9B8004E4A8D /* PhotoSelectedCell.xib */,
				8F867A0323ADD9B8004E4A8D /* PhotoSelectedCell.swift */,
			);
			path = PhotoSelectedCell;
			sourceTree = "<group>";
		};
		8F867A0723ADD9B8004E4A8D /* UserInfoVC */ = {
			isa = PBXGroup;
			children = (
				8F867A0823ADD9B8004E4A8D /* UserInfoVC.swift */,
				8F867A0923ADD9B8004E4A8D /* UserInfoVC.xib */,
			);
			path = UserInfoVC;
			sourceTree = "<group>";
		};
		8F867A0A23ADD9B8004E4A8D /* ChangeProfileVC */ = {
			isa = PBXGroup;
			children = (
				8F867A0B23ADD9B8004E4A8D /* ChangeProfileVC.swift */,
				8F867A0C23ADD9B8004E4A8D /* ChangeProfileVC.xib */,
			);
			path = ChangeProfileVC;
			sourceTree = "<group>";
		};
		8F867A0E23ADD9B8004E4A8D /* NotifVC */ = {
			isa = PBXGroup;
			children = (
				8F867A0F23ADD9B8004E4A8D /* NotiCell */,
				8F867A1223ADD9B8004E4A8D /* NotifVC.xib */,
				8F867A1323ADD9B8004E4A8D /* DetailNotiVC */,
				8F867A1623ADD9B8004E4A8D /* NewsVC */,
				8F867A1923ADD9B8004E4A8D /* PopupVC */,
				8F867A1C23ADD9B8004E4A8D /* NotifVC.swift */,
			);
			path = NotifVC;
			sourceTree = "<group>";
		};
		8F867A0F23ADD9B8004E4A8D /* NotiCell */ = {
			isa = PBXGroup;
			children = (
				8F867A1023ADD9B8004E4A8D /* NotiCell.swift */,
				8F867A1123ADD9B8004E4A8D /* NotiCell.xib */,
			);
			path = NotiCell;
			sourceTree = "<group>";
		};
		8F867A1323ADD9B8004E4A8D /* DetailNotiVC */ = {
			isa = PBXGroup;
			children = (
				8F867A1423ADD9B8004E4A8D /* DetailNotiVC.xib */,
				8F867A1523ADD9B8004E4A8D /* DetailNotiVC.swift */,
			);
			path = DetailNotiVC;
			sourceTree = "<group>";
		};
		8F867A1623ADD9B8004E4A8D /* NewsVC */ = {
			isa = PBXGroup;
			children = (
				8F867A1723ADD9B8004E4A8D /* NewsVC.xib */,
				8F867A1823ADD9B8004E4A8D /* NewsVC.swift */,
			);
			path = NewsVC;
			sourceTree = "<group>";
		};
		8F867A1923ADD9B8004E4A8D /* PopupVC */ = {
			isa = PBXGroup;
			children = (
				8F867A1A23ADD9B8004E4A8D /* PopupVC.xib */,
				8F867A1B23ADD9B8004E4A8D /* PopupVC.swift */,
			);
			path = PopupVC;
			sourceTree = "<group>";
		};
		8F867A1D23ADD9B8004E4A8D /* InAppPurchase */ = {
			isa = PBXGroup;
			children = (
				8F867A1E23ADD9B8004E4A8D /* Controller */,
				8F867A2123ADD9B8004E4A8D /* IAPCell */,
				8F867A2423ADD9B8004E4A8D /* PKIAPHandler.swift */,
			);
			path = InAppPurchase;
			sourceTree = "<group>";
		};
		8F867A1E23ADD9B8004E4A8D /* Controller */ = {
			isa = PBXGroup;
			children = (
				8F867A1F23ADD9B8004E4A8D /* InAppPurchaseVC.xib */,
				8F867A2023ADD9B8004E4A8D /* InAppPurchaseVC.swift */,
			);
			path = Controller;
			sourceTree = "<group>";
		};
		8F867A2123ADD9B8004E4A8D /* IAPCell */ = {
			isa = PBXGroup;
			children = (
				8F867A2223ADD9B8004E4A8D /* IAPCell.xib */,
				8F867A2323ADD9B8004E4A8D /* IAPCell.swift */,
			);
			path = IAPCell;
			sourceTree = "<group>";
		};
		8F867A2523ADD9B8004E4A8D /* NetworkServices */ = {
			isa = PBXGroup;
			children = (
				8F867A6123ADE77A004E4A8D /* NSNetRequest.swift */,
				8F867A5F23ADE767004E4A8D /* NotificationService.swift */,
				8F867A2623ADD9B8004E4A8D /* UserServices.swift */,
				8F867A2723ADD9B8004E4A8D /* IAPService.swift */,
			);
			path = NetworkServices;
			sourceTree = "<group>";
		};
		8F867A2823ADD9B8004E4A8D /* Helpers */ = {
			isa = PBXGroup;
			children = (
				8F867A6923AE0286004E4A8D /* MyExtension.swift */,
				8F867A6323ADE795004E4A8D /* NSAuthentication.swift */,
				8F867A5D23ADE75E004E4A8D /* MyHelper.swift */,
				8F867A5B23ADE739004E4A8D /* UIViewShadownExtension.swift */,
				8F867A5623ADE711004E4A8D /* DesignableUITextField.swift */,
				8F867A5523ADE711004E4A8D /* ExtensionColor.swift */,
				8F867A6723ADE967004E4A8D /* StringExtension.swift */,
				8F867A5923ADE71D004E4A8D /* KeyboardLayoutConstraint.swift */,
			);
			path = Helpers;
			sourceTree = "<group>";
		};
		8FAD799623A3910F00A08ED9 /* GametacSDK */ = {
			isa = PBXGroup;
			children = (
				8FAD7A7A23A3910F00A08ED9 /* Font */,
				8FAD799723A3910F00A08ED9 /* Classes */,
				8FAD7A7923A3910F00A08ED9 /* Assets.xcassets */,
			);
			name = GametacSDK;
			path = ../GametacSDK;
			sourceTree = "<group>";
		};
		8FAD799723A3910F00A08ED9 /* Classes */ = {
			isa = PBXGroup;
			children = (
				8F8679E623ADD9B8004E4A8D /* Contents.json */,
				8F8679E523ADD9B8004E4A8D /* GametacSDK.swift */,
				8F867A2823ADD9B8004E4A8D /* Helpers */,
				8F8679E723ADD9B8004E4A8D /* Models */,
				8F867A2523ADD9B8004E4A8D /* NetworkServices */,
				8F8679E923ADD9B8004E4A8D /* View */,
			);
			path = Classes;
			sourceTree = "<group>";
		};
		8FAD7A7A23A3910F00A08ED9 /* Font */ = {
			isa = PBXGroup;
			children = (
				8FAD7A7B23A3910F00A08ED9 /* OpenSans-Semibold.ttf */,
				8FAD7A7C23A3910F00A08ED9 /* OpenSans-Light.ttf */,
				8FAD7A7D23A3910F00A08ED9 /* OpenSans-Italic.ttf */,
				8FAD7A7E23A3910F00A08ED9 /* Apache License.txt */,
				8FAD7A7F23A3910F00A08ED9 /* OpenSans-ExtraBold.ttf */,
				8FAD7A8023A3910F00A08ED9 /* OpenSans-LightItalic.ttf */,
				8FAD7A8123A3910F00A08ED9 /* OpenSans-Bold.ttf */,
				8FAD7A8223A3910F00A08ED9 /* OpenSans-SemiboldItalic.ttf */,
				8FAD7A8323A3910F00A08ED9 /* OpenSans-ExtraBoldItalic.ttf */,
				8FAD7A8423A3910F00A08ED9 /* OpenSans-Regular.ttf */,
				8FAD7A8523A3910F00A08ED9 /* OpenSans-BoldItalic.ttf */,
			);
			path = Font;
			sourceTree = "<group>";
		};
		BB14AEB2312386702A2E3B82 /* Pods */ = {
			isa = PBXGroup;
			children = (
				C6488F0D265FC525C3801027 /* Pods-GametacSDK_Example.debug.xcconfig */,
				14D73C3F252A784617CDA986 /* Pods-GametacSDK_Example.release.xcconfig */,
				FB2293279CD9FE51A54FA66A /* Pods-GametacSDK_Tests.debug.xcconfig */,
				C88D7F698419E8AC6BE8FB6E /* Pods-GametacSDK_Tests.release.xcconfig */,
			);
			path = Pods;
			sourceTree = "<group>";
		};
/* End PBXGroup section */

/* Begin PBXNativeTarget section */
		607FACCF1AFB9204008FA782 /* GametacSDK_Example */ = {
			isa = PBXNativeTarget;
			buildConfigurationList = 607FACEF1AFB9204008FA782 /* Build configuration list for PBXNativeTarget "GametacSDK_Example" */;
			buildPhases = (
				459E3D27F86FFF931FB3EA6C /* [CP] Check Pods Manifest.lock */,
				607FACCC1AFB9204008FA782 /* Sources */,
				607FACCD1AFB9204008FA782 /* Frameworks */,
				607FACCE1AFB9204008FA782 /* Resources */,
				0743970989E617747FFA12D4 /* [CP] Embed Pods Frameworks */,
				3F88C159ABA68A8F01BFA581 /* [CP] Copy Pods Resources */,
			);
			buildRules = (
			);
			dependencies = (
			);
			name = GametacSDK_Example;
			productName = GametacSDK;
			productReference = 607FACD01AFB9204008FA782 /* GametacSDK_Example.app */;
			productType = "com.apple.product-type.application";
		};
		607FACE41AFB9204008FA782 /* GametacSDK_Tests */ = {
			isa = PBXNativeTarget;
			buildConfigurationList = 607FACF21AFB9204008FA782 /* Build configuration list for PBXNativeTarget "GametacSDK_Tests" */;
			buildPhases = (
				41A1FD12BB086DE9A5ED0175 /* [CP] Check Pods Manifest.lock */,
				607FACE11AFB9204008FA782 /* Sources */,
				607FACE21AFB9204008FA782 /* Frameworks */,
				607FACE31AFB9204008FA782 /* Resources */,
			);
			buildRules = (
			);
			dependencies = (
				607FACE71AFB9204008FA782 /* PBXTargetDependency */,
			);
			name = GametacSDK_Tests;
			productName = Tests;
			productReference = 607FACE51AFB9204008FA782 /* GametacSDK_Tests.xctest */;
			productType = "com.apple.product-type.bundle.unit-test";
		};
/* End PBXNativeTarget section */

/* Begin PBXProject section */
		607FACC81AFB9204008FA782 /* Project object */ = {
			isa = PBXProject;
			attributes = {
				LastSwiftUpdateCheck = 0830;
				LastUpgradeCheck = 0830;
				ORGANIZATIONNAME = CocoaPods;
				TargetAttributes = {
					607FACCF1AFB9204008FA782 = {
						CreatedOnToolsVersion = 6.3.1;
						DevelopmentTeam = 3AQFQLF33F;
						LastSwiftMigration = 0900;
					};
					607FACE41AFB9204008FA782 = {
						CreatedOnToolsVersion = 6.3.1;
						DevelopmentTeam = 3AQFQLF33F;
						LastSwiftMigration = 0900;
						TestTargetID = 607FACCF1AFB9204008FA782;
					};
				};
			};
			buildConfigurationList = 607FACCB1AFB9204008FA782 /* Build configuration list for PBXProject "GametacSDK" */;
			compatibilityVersion = "Xcode 3.2";
			developmentRegion = English;
			hasScannedForEncodings = 0;
			knownRegions = (
				English,
				en,
				Base,
			);
			mainGroup = 607FACC71AFB9204008FA782;
			productRefGroup = 607FACD11AFB9204008FA782 /* Products */;
			projectDirPath = "";
			projectRoot = "";
			targets = (
				607FACCF1AFB9204008FA782 /* GametacSDK_Example */,
				607FACE41AFB9204008FA782 /* GametacSDK_Tests */,
			);
		};
/* End PBXProject section */

/* Begin PBXResourcesBuildPhase section */
		607FACCE1AFB9204008FA782 /* Resources */ = {
			isa = PBXResourcesBuildPhase;
			buildActionMask = 2147483647;
			files = (
				8F867A3E23ADD9B8004E4A8D /* DashBroadVC.xib in Resources */,
				8F867A4523ADD9B8004E4A8D /* NotiCell.xib in Resources */,
				8FAD7B0A23A3911000A08ED9 /* Apache License.txt in Resources */,
				8FAD7B0623A3911000A08ED9 /* Assets.xcassets in Resources */,
				8F867A2A23ADD9B8004E4A8D /* Contents.json in Resources */,
				8F867A3723ADD9B8004E4A8D /* ChooseLanguageVC.xib in Resources */,
				8F867A3C23ADD9B8004E4A8D /* ReportVC.xib in Resources */,
				8F867A4723ADD9B8004E4A8D /* DetailNotiVC.xib in Resources */,
				8FAD7B0D23A3911000A08ED9 /* OpenSans-Bold.ttf in Resources */,
				8FAD7B0923A3911000A08ED9 /* OpenSans-Italic.ttf in Resources */,
				8F867A2F23ADD9B8004E4A8D /* LoginSuccessVC.xib in Resources */,
				8FAD7B0723A3911000A08ED9 /* OpenSans-Semibold.ttf in Resources */,
				8FAD7B1123A3911000A08ED9 /* OpenSans-BoldItalic.ttf in Resources */,
				8F867A4B23ADD9B8004E4A8D /* PopupVC.xib in Resources */,
				8F867A3823ADD9B8004E4A8D /* ConfirmLanguageVC.xib in Resources */,
				8F84EC7023AA896000AA2F24 /* GoogleService-Info.plist in Resources */,
				8FAD7B0E23A3911000A08ED9 /* OpenSans-SemiboldItalic.ttf in Resources */,
				8F867A3123ADD9B8004E4A8D /* LoginVC.xib in Resources */,
				8FAD7B0823A3911000A08ED9 /* OpenSans-Light.ttf in Resources */,
				8F867A4223ADD9B8004E4A8D /* ChangeProfileVC.xib in Resources */,
				8FAD7B0B23A3911000A08ED9 /* OpenSans-ExtraBold.ttf in Resources */,
				607FACDB1AFB9204008FA782 /* Main.storyboard in Resources */,
				8F867A3A23ADD9B8004E4A8D /* PhotoSelectedCell.xib in Resources */,
				8F867A4623ADD9B8004E4A8D /* NotifVC.xib in Resources */,
				8F867A4023ADD9B8004E4A8D /* UserInfoVC.xib in Resources */,
				8FAD7B0C23A3911000A08ED9 /* OpenSans-LightItalic.ttf in Resources */,
				8F867A5023ADD9B8004E4A8D /* IAPCell.xib in Resources */,
				8F867A4E23ADD9B8004E4A8D /* InAppPurchaseVC.xib in Resources */,
				8FAD7B1023A3911000A08ED9 /* OpenSans-Regular.ttf in Resources */,
				8FAD7B0F23A3911000A08ED9 /* OpenSans-ExtraBoldItalic.ttf in Resources */,
				8F867A3223ADD9B8004E4A8D /* RegistryVC.xib in Resources */,
				8F867A3423ADD9B8004E4A8D /* SwitchAccountVC.xib in Resources */,
				607FACE01AFB9204008FA782 /* LaunchScreen.xib in Resources */,
				8F867A4923ADD9B8004E4A8D /* NewsVC.xib in Resources */,
				8F867A2C23ADD9B8004E4A8D /* PopupNotice.xib in Resources */,
				607FACDD1AFB9204008FA782 /* Images.xcassets in Resources */,
			);
			runOnlyForDeploymentPostprocessing = 0;
		};
		607FACE31AFB9204008FA782 /* Resources */ = {
			isa = PBXResourcesBuildPhase;
			buildActionMask = 2147483647;
			files = (
			);
			runOnlyForDeploymentPostprocessing = 0;
		};
/* End PBXResourcesBuildPhase section */

/* Begin PBXShellScriptBuildPhase section */
		0743970989E617747FFA12D4 /* [CP] Embed Pods Frameworks */ = {
			isa = PBXShellScriptBuildPhase;
			buildActionMask = 2147483647;
			files = (
			);
			inputPaths = (
				"${PODS_ROOT}/Target Support Files/Pods-GametacSDK_Example/Pods-GametacSDK_Example-frameworks.sh",
				"${BUILT_PRODUCTS_DIR}/AFNetworking/AFNetworking.framework",
				"${BUILT_PRODUCTS_DIR}/Alamofire/Alamofire.framework",
				"${BUILT_PRODUCTS_DIR}/AppAuth/AppAuth.framework",
				"${BUILT_PRODUCTS_DIR}/CropViewController/CropViewController.framework",
				"${BUILT_PRODUCTS_DIR}/DKCamera/DKCamera.framework",
				"${BUILT_PRODUCTS_DIR}/DKImagePickerController/DKImagePickerController.framework",
				"${BUILT_PRODUCTS_DIR}/DKPhotoGallery/DKPhotoGallery.framework",
				"${BUILT_PRODUCTS_DIR}/DynamicBlurView/DynamicBlurView.framework",
				"${BUILT_PRODUCTS_DIR}/FBSDKCoreKit/FBSDKCoreKit.framework",
				"${BUILT_PRODUCTS_DIR}/FBSDKLoginKit/FBSDKLoginKit.framework",
				"${BUILT_PRODUCTS_DIR}/FBSDKShareKit/FBSDKShareKit.framework",
				"${BUILT_PRODUCTS_DIR}/FLAnimatedImage/FLAnimatedImage.framework",
				"${BUILT_PRODUCTS_DIR}/GTMAppAuth/GTMAppAuth.framework",
				"${BUILT_PRODUCTS_DIR}/GTMSessionFetcher/GTMSessionFetcher.framework",
				"${BUILT_PRODUCTS_DIR}/GoogleUtilities/GoogleUtilities.framework",
				"${BUILT_PRODUCTS_DIR}/KMPlaceholderTextView/KMPlaceholderTextView.framework",
				"${BUILT_PRODUCTS_DIR}/Kingfisher/Kingfisher.framework",
				"${BUILT_PRODUCTS_DIR}/NVActivityIndicatorView/NVActivityIndicatorView.framework",
				"${BUILT_PRODUCTS_DIR}/PopupDialog/PopupDialog.framework",
				"${BUILT_PRODUCTS_DIR}/SDWebImage/SDWebImage.framework",
				"${BUILT_PRODUCTS_DIR}/SDWebImageFLPlugin/SDWebImageFLPlugin.framework",
				"${BUILT_PRODUCTS_DIR}/SwiftyJSON/SwiftyJSON.framework",
				"${BUILT_PRODUCTS_DIR}/XLPagerTabStrip/XLPagerTabStrip.framework",
				"${BUILT_PRODUCTS_DIR}/nanopb/nanopb.framework",
			);
			name = "[CP] Embed Pods Frameworks";
			outputPaths = (
				"${TARGET_BUILD_DIR}/${FRAMEWORKS_FOLDER_PATH}/AFNetworking.framework",
				"${TARGET_BUILD_DIR}/${FRAMEWORKS_FOLDER_PATH}/Alamofire.framework",
				"${TARGET_BUILD_DIR}/${FRAMEWORKS_FOLDER_PATH}/AppAuth.framework",
				"${TARGET_BUILD_DIR}/${FRAMEWORKS_FOLDER_PATH}/CropViewController.framework",
				"${TARGET_BUILD_DIR}/${FRAMEWORKS_FOLDER_PATH}/DKCamera.framework",
				"${TARGET_BUILD_DIR}/${FRAMEWORKS_FOLDER_PATH}/DKImagePickerController.framework",
				"${TARGET_BUILD_DIR}/${FRAMEWORKS_FOLDER_PATH}/DKPhotoGallery.framework",
				"${TARGET_BUILD_DIR}/${FRAMEWORKS_FOLDER_PATH}/DynamicBlurView.framework",
				"${TARGET_BUILD_DIR}/${FRAMEWORKS_FOLDER_PATH}/FBSDKCoreKit.framework",
				"${TARGET_BUILD_DIR}/${FRAMEWORKS_FOLDER_PATH}/FBSDKLoginKit.framework",
				"${TARGET_BUILD_DIR}/${FRAMEWORKS_FOLDER_PATH}/FBSDKShareKit.framework",
				"${TARGET_BUILD_DIR}/${FRAMEWORKS_FOLDER_PATH}/FLAnimatedImage.framework",
				"${TARGET_BUILD_DIR}/${FRAMEWORKS_FOLDER_PATH}/GTMAppAuth.framework",
				"${TARGET_BUILD_DIR}/${FRAMEWORKS_FOLDER_PATH}/GTMSessionFetcher.framework",
				"${TARGET_BUILD_DIR}/${FRAMEWORKS_FOLDER_PATH}/GoogleUtilities.framework",
				"${TARGET_BUILD_DIR}/${FRAMEWORKS_FOLDER_PATH}/KMPlaceholderTextView.framework",
				"${TARGET_BUILD_DIR}/${FRAMEWORKS_FOLDER_PATH}/Kingfisher.framework",
				"${TARGET_BUILD_DIR}/${FRAMEWORKS_FOLDER_PATH}/NVActivityIndicatorView.framework",
				"${TARGET_BUILD_DIR}/${FRAMEWORKS_FOLDER_PATH}/PopupDialog.framework",
				"${TARGET_BUILD_DIR}/${FRAMEWORKS_FOLDER_PATH}/SDWebImage.framework",
				"${TARGET_BUILD_DIR}/${FRAMEWORKS_FOLDER_PATH}/SDWebImageFLPlugin.framework",
				"${TARGET_BUILD_DIR}/${FRAMEWORKS_FOLDER_PATH}/SwiftyJSON.framework",
				"${TARGET_BUILD_DIR}/${FRAMEWORKS_FOLDER_PATH}/XLPagerTabStrip.framework",
				"${TARGET_BUILD_DIR}/${FRAMEWORKS_FOLDER_PATH}/nanopb.framework",
			);
			runOnlyForDeploymentPostprocessing = 0;
			shellPath = /bin/sh;
			shellScript = "\"${PODS_ROOT}/Target Support Files/Pods-GametacSDK_Example/Pods-GametacSDK_Example-frameworks.sh\"\n";
			showEnvVarsInLog = 0;
		};
		3F88C159ABA68A8F01BFA581 /* [CP] Copy Pods Resources */ = {
			isa = PBXShellScriptBuildPhase;
			buildActionMask = 2147483647;
			files = (
			);
			inputPaths = (
				"${PODS_ROOT}/Target Support Files/Pods-GametacSDK_Example/Pods-GametacSDK_Example-resources.sh",
				"${PODS_ROOT}/GoogleSignIn/Resources/GoogleSignIn.bundle",
			);
			name = "[CP] Copy Pods Resources";
			outputPaths = (
				"${TARGET_BUILD_DIR}/${UNLOCALIZED_RESOURCES_FOLDER_PATH}/GoogleSignIn.bundle",
			);
			runOnlyForDeploymentPostprocessing = 0;
			shellPath = /bin/sh;
			shellScript = "\"${PODS_ROOT}/Target Support Files/Pods-GametacSDK_Example/Pods-GametacSDK_Example-resources.sh\"\n";
			showEnvVarsInLog = 0;
		};
		41A1FD12BB086DE9A5ED0175 /* [CP] Check Pods Manifest.lock */ = {
			isa = PBXShellScriptBuildPhase;
			buildActionMask = 2147483647;
			files = (
			);
			inputFileListPaths = (
			);
			inputPaths = (
				"${PODS_PODFILE_DIR_PATH}/Podfile.lock",
				"${PODS_ROOT}/Manifest.lock",
			);
			name = "[CP] Check Pods Manifest.lock";
			outputFileListPaths = (
			);
			outputPaths = (
				"$(DERIVED_FILE_DIR)/Pods-GametacSDK_Tests-checkManifestLockResult.txt",
			);
			runOnlyForDeploymentPostprocessing = 0;
			shellPath = /bin/sh;
			shellScript = "diff \"${PODS_PODFILE_DIR_PATH}/Podfile.lock\" \"${PODS_ROOT}/Manifest.lock\" > /dev/null\nif [ $? != 0 ] ; then\n    # print error to STDERR\n    echo \"error: The sandbox is not in sync with the Podfile.lock. Run 'pod install' or update your CocoaPods installation.\" >&2\n    exit 1\nfi\n# This output is used by Xcode 'outputs' to avoid re-running this script phase.\necho \"SUCCESS\" > \"${SCRIPT_OUTPUT_FILE_0}\"\n";
			showEnvVarsInLog = 0;
		};
		459E3D27F86FFF931FB3EA6C /* [CP] Check Pods Manifest.lock */ = {
			isa = PBXShellScriptBuildPhase;
			buildActionMask = 2147483647;
			files = (
			);
			inputFileListPaths = (
			);
			inputPaths = (
				"${PODS_PODFILE_DIR_PATH}/Podfile.lock",
				"${PODS_ROOT}/Manifest.lock",
			);
			name = "[CP] Check Pods Manifest.lock";
			outputFileListPaths = (
			);
			outputPaths = (
				"$(DERIVED_FILE_DIR)/Pods-GametacSDK_Example-checkManifestLockResult.txt",
			);
			runOnlyForDeploymentPostprocessing = 0;
			shellPath = /bin/sh;
			shellScript = "diff \"${PODS_PODFILE_DIR_PATH}/Podfile.lock\" \"${PODS_ROOT}/Manifest.lock\" > /dev/null\nif [ $? != 0 ] ; then\n    # print error to STDERR\n    echo \"error: The sandbox is not in sync with the Podfile.lock. Run 'pod install' or update your CocoaPods installation.\" >&2\n    exit 1\nfi\n# This output is used by Xcode 'outputs' to avoid re-running this script phase.\necho \"SUCCESS\" > \"${SCRIPT_OUTPUT_FILE_0}\"\n";
			showEnvVarsInLog = 0;
		};
/* End PBXShellScriptBuildPhase section */

/* Begin PBXSourcesBuildPhase section */
		607FACCC1AFB9204008FA782 /* Sources */ = {
			isa = PBXSourcesBuildPhase;
			buildActionMask = 2147483647;
			files = (
				8F867A5223ADD9B8004E4A8D /* PKIAPHandler.swift in Sources */,
				8F867A5A23ADE71D004E4A8D /* KeyboardLayoutConstraint.swift in Sources */,
				8F867A4F23ADD9B8004E4A8D /* InAppPurchaseVC.swift in Sources */,
				8F867A2923ADD9B8004E4A8D /* GametacSDK.swift in Sources */,
				8F867A6423ADE795004E4A8D /* NSAuthentication.swift in Sources */,
				8F867A4A23ADD9B8004E4A8D /* NewsVC.swift in Sources */,
				8F867A4823ADD9B8004E4A8D /* DetailNotiVC.swift in Sources */,
				8F867A3023ADD9B8004E4A8D /* LoginSuccessVC.swift in Sources */,
				607FACD81AFB9204008FA782 /* ViewController.swift in Sources */,
				8F867A6223ADE77A004E4A8D /* NSNetRequest.swift in Sources */,
				8F867A5323ADD9B8004E4A8D /* UserServices.swift in Sources */,
				8F867A5E23ADE75E004E4A8D /* MyHelper.swift in Sources */,
				8F867A4D23ADD9B8004E4A8D /* NotifVC.swift in Sources */,
				8F867A3D23ADD9B8004E4A8D /* ReportVC.swift in Sources */,
				8F867A6023ADE767004E4A8D /* NotificationService.swift in Sources */,
				8F867A3923ADD9B8004E4A8D /* ConfirmLanguageVC.swift in Sources */,
				8F867A5823ADE711004E4A8D /* DesignableUITextField.swift in Sources */,
				8F867A6A23AE0286004E4A8D /* MyExtension.swift in Sources */,
				8F867A5C23ADE739004E4A8D /* UIViewShadownExtension.swift in Sources */,
				8F867A5123ADD9B8004E4A8D /* IAPCell.swift in Sources */,
				8F867A4123ADD9B8004E4A8D /* ChangeProfileVC.swift in Sources */,
				8F867A3623ADD9B8004E4A8D /* ChooseLanguageVC.swift in Sources */,
				8F867A2E23ADD9B8004E4A8D /* LoginVC.swift in Sources */,
				8F867A6623ADE91F004E4A8D /* NotificationStruct.swift in Sources */,
				607FACD61AFB9204008FA782 /* AppDelegate.swift in Sources */,
				8F867A3323ADD9B8004E4A8D /* RegistryVC.swift in Sources */,
				8F867A3523ADD9B8004E4A8D /* SwitchAccountVC.swift in Sources */,
				8F867A4C23ADD9B8004E4A8D /* PopupVC.swift in Sources */,
				8F867A3B23ADD9B8004E4A8D /* PhotoSelectedCell.swift in Sources */,
				8F867A5723ADE711004E4A8D /* ExtensionColor.swift in Sources */,
				8F867A4423ADD9B8004E4A8D /* NotiCell.swift in Sources */,
				8F867A3F23ADD9B8004E4A8D /* UserInfoVC.swift in Sources */,
				8F867A5423ADD9B8004E4A8D /* IAPService.swift in Sources */,
				8F867A6823ADE967004E4A8D /* StringExtension.swift in Sources */,
				8F867A4323ADD9B8004E4A8D /* DashBroadVC.swift in Sources */,
				8F867A2D23ADD9B8004E4A8D /* PopupNotice.swift in Sources */,
				8F867A2B23ADD9B8004E4A8D /* Model.swift in Sources */,
			);
			runOnlyForDeploymentPostprocessing = 0;
		};
		607FACE11AFB9204008FA782 /* Sources */ = {
			isa = PBXSourcesBuildPhase;
			buildActionMask = 2147483647;
			files = (
				607FACEC1AFB9204008FA782 /* Tests.swift in Sources */,
			);
			runOnlyForDeploymentPostprocessing = 0;
		};
/* End PBXSourcesBuildPhase section */

/* Begin PBXTargetDependency section */
		607FACE71AFB9204008FA782 /* PBXTargetDependency */ = {
			isa = PBXTargetDependency;
			target = 607FACCF1AFB9204008FA782 /* GametacSDK_Example */;
			targetProxy = 607FACE61AFB9204008FA782 /* PBXContainerItemProxy */;
		};
/* End PBXTargetDependency section */

/* Begin PBXVariantGroup section */
		607FACD91AFB9204008FA782 /* Main.storyboard */ = {
			isa = PBXVariantGroup;
			children = (
				607FACDA1AFB9204008FA782 /* Base */,
			);
			name = Main.storyboard;
			sourceTree = "<group>";
		};
		607FACDE1AFB9204008FA782 /* LaunchScreen.xib */ = {
			isa = PBXVariantGroup;
			children = (
				607FACDF1AFB9204008FA782 /* Base */,
			);
			name = LaunchScreen.xib;
			sourceTree = "<group>";
		};
/* End PBXVariantGroup section */

/* Begin XCBuildConfiguration section */
		607FACED1AFB9204008FA782 /* Debug */ = {
			isa = XCBuildConfiguration;
			buildSettings = {
				ALWAYS_SEARCH_USER_PATHS = NO;
				CLANG_CXX_LANGUAGE_STANDARD = "gnu++0x";
				CLANG_CXX_LIBRARY = "libc++";
				CLANG_ENABLE_MODULES = YES;
				CLANG_ENABLE_OBJC_ARC = YES;
				CLANG_WARN_BLOCK_CAPTURE_AUTORELEASING = YES;
				CLANG_WARN_BOOL_CONVERSION = YES;
				CLANG_WARN_COMMA = YES;
				CLANG_WARN_CONSTANT_CONVERSION = YES;
				CLANG_WARN_DIRECT_OBJC_ISA_USAGE = YES_ERROR;
				CLANG_WARN_EMPTY_BODY = YES;
				CLANG_WARN_ENUM_CONVERSION = YES;
				CLANG_WARN_INFINITE_RECURSION = YES;
				CLANG_WARN_INT_CONVERSION = YES;
				CLANG_WARN_NON_LITERAL_NULL_CONVERSION = YES;
				CLANG_WARN_OBJC_LITERAL_CONVERSION = YES;
				CLANG_WARN_OBJC_ROOT_CLASS = YES_ERROR;
				CLANG_WARN_RANGE_LOOP_ANALYSIS = YES;
				CLANG_WARN_STRICT_PROTOTYPES = YES;
				CLANG_WARN_SUSPICIOUS_MOVE = YES;
				CLANG_WARN_UNREACHABLE_CODE = YES;
				CLANG_WARN__DUPLICATE_METHOD_MATCH = YES;
				"CODE_SIGN_IDENTITY[sdk=iphoneos*]" = "iPhone Developer";
				COPY_PHASE_STRIP = NO;
				DEBUG_INFORMATION_FORMAT = "dwarf-with-dsym";
				ENABLE_STRICT_OBJC_MSGSEND = YES;
				ENABLE_TESTABILITY = YES;
				GCC_C_LANGUAGE_STANDARD = gnu99;
				GCC_DYNAMIC_NO_PIC = NO;
				GCC_NO_COMMON_BLOCKS = YES;
				GCC_OPTIMIZATION_LEVEL = 0;
				GCC_PREPROCESSOR_DEFINITIONS = (
					"DEBUG=1",
					"$(inherited)",
				);
				GCC_SYMBOLS_PRIVATE_EXTERN = NO;
				GCC_WARN_64_TO_32_BIT_CONVERSION = YES;
				GCC_WARN_ABOUT_RETURN_TYPE = YES_ERROR;
				GCC_WARN_UNDECLARED_SELECTOR = YES;
				GCC_WARN_UNINITIALIZED_AUTOS = YES_AGGRESSIVE;
				GCC_WARN_UNUSED_FUNCTION = YES;
				GCC_WARN_UNUSED_VARIABLE = YES;
				IPHONEOS_DEPLOYMENT_TARGET = 11.0;
				MTL_ENABLE_DEBUG_INFO = YES;
				ONLY_ACTIVE_ARCH = YES;
				SDKROOT = iphoneos;
				SWIFT_OPTIMIZATION_LEVEL = "-Onone";
			};
			name = Debug;
		};
		607FACEE1AFB9204008FA782 /* Release */ = {
			isa = XCBuildConfiguration;
			buildSettings = {
				ALWAYS_SEARCH_USER_PATHS = NO;
				CLANG_CXX_LANGUAGE_STANDARD = "gnu++0x";
				CLANG_CXX_LIBRARY = "libc++";
				CLANG_ENABLE_MODULES = YES;
				CLANG_ENABLE_OBJC_ARC = YES;
				CLANG_WARN_BLOCK_CAPTURE_AUTORELEASING = YES;
				CLANG_WARN_BOOL_CONVERSION = YES;
				CLANG_WARN_COMMA = YES;
				CLANG_WARN_CONSTANT_CONVERSION = YES;
				CLANG_WARN_DIRECT_OBJC_ISA_USAGE = YES_ERROR;
				CLANG_WARN_EMPTY_BODY = YES;
				CLANG_WARN_ENUM_CONVERSION = YES;
				CLANG_WARN_INFINITE_RECURSION = YES;
				CLANG_WARN_INT_CONVERSION = YES;
				CLANG_WARN_NON_LITERAL_NULL_CONVERSION = YES;
				CLANG_WARN_OBJC_LITERAL_CONVERSION = YES;
				CLANG_WARN_OBJC_ROOT_CLASS = YES_ERROR;
				CLANG_WARN_RANGE_LOOP_ANALYSIS = YES;
				CLANG_WARN_STRICT_PROTOTYPES = YES;
				CLANG_WARN_SUSPICIOUS_MOVE = YES;
				CLANG_WARN_UNREACHABLE_CODE = YES;
				CLANG_WARN__DUPLICATE_METHOD_MATCH = YES;
				"CODE_SIGN_IDENTITY[sdk=iphoneos*]" = "iPhone Developer";
				COPY_PHASE_STRIP = NO;
				DEBUG_INFORMATION_FORMAT = "dwarf-with-dsym";
				ENABLE_NS_ASSERTIONS = NO;
				ENABLE_STRICT_OBJC_MSGSEND = YES;
				GCC_C_LANGUAGE_STANDARD = gnu99;
				GCC_NO_COMMON_BLOCKS = YES;
				GCC_WARN_64_TO_32_BIT_CONVERSION = YES;
				GCC_WARN_ABOUT_RETURN_TYPE = YES_ERROR;
				GCC_WARN_UNDECLARED_SELECTOR = YES;
				GCC_WARN_UNINITIALIZED_AUTOS = YES_AGGRESSIVE;
				GCC_WARN_UNUSED_FUNCTION = YES;
				GCC_WARN_UNUSED_VARIABLE = YES;
				IPHONEOS_DEPLOYMENT_TARGET = 11.0;
				MTL_ENABLE_DEBUG_INFO = NO;
				SDKROOT = iphoneos;
				SWIFT_OPTIMIZATION_LEVEL = "-Owholemodule";
				VALIDATE_PRODUCT = YES;
			};
			name = Release;
		};
		607FACF01AFB9204008FA782 /* Debug */ = {
			isa = XCBuildConfiguration;
			baseConfigurationReference = C6488F0D265FC525C3801027 /* Pods-GametacSDK_Example.debug.xcconfig */;
			buildSettings = {
				ASSETCATALOG_COMPILER_APPICON_NAME = AppIcon;
				DEVELOPMENT_TEAM = 3AQFQLF33F;
				INFOPLIST_FILE = GametacSDK/Info.plist;
				IPHONEOS_DEPLOYMENT_TARGET = 11.0;
				LD_RUNPATH_SEARCH_PATHS = "$(inherited) @executable_path/Frameworks";
				MODULE_NAME = ExampleApp;
				PRODUCT_BUNDLE_IDENTIFIER = vn.vntac.mynutruyen;
				PRODUCT_NAME = "$(TARGET_NAME)";
				SWIFT_SWIFT3_OBJC_INFERENCE = Default;
				SWIFT_VERSION = 4.2;
			};
			name = Debug;
		};
		607FACF11AFB9204008FA782 /* Release */ = {
			isa = XCBuildConfiguration;
			baseConfigurationReference = 14D73C3F252A784617CDA986 /* Pods-GametacSDK_Example.release.xcconfig */;
			buildSettings = {
				ASSETCATALOG_COMPILER_APPICON_NAME = AppIcon;
				DEVELOPMENT_TEAM = 3AQFQLF33F;
				INFOPLIST_FILE = GametacSDK/Info.plist;
				IPHONEOS_DEPLOYMENT_TARGET = 11.0;
				LD_RUNPATH_SEARCH_PATHS = "$(inherited) @executable_path/Frameworks";
				MODULE_NAME = ExampleApp;
				PRODUCT_BUNDLE_IDENTIFIER = vn.vntac.mynutruyen;
				PRODUCT_NAME = "$(TARGET_NAME)";
				SWIFT_SWIFT3_OBJC_INFERENCE = Default;
				SWIFT_VERSION = 4.2;
			};
			name = Release;
		};
		607FACF31AFB9204008FA782 /* Debug */ = {
			isa = XCBuildConfiguration;
			baseConfigurationReference = FB2293279CD9FE51A54FA66A /* Pods-GametacSDK_Tests.debug.xcconfig */;
			buildSettings = {
				DEVELOPMENT_TEAM = 3AQFQLF33F;
				FRAMEWORK_SEARCH_PATHS = (
					"$(PLATFORM_DIR)/Developer/Library/Frameworks",
					"$(inherited)",
				);
				GCC_PREPROCESSOR_DEFINITIONS = (
					"DEBUG=1",
					"$(inherited)",
				);
				INFOPLIST_FILE = Tests/Info.plist;
				LD_RUNPATH_SEARCH_PATHS = "$(inherited) @executable_path/Frameworks @loader_path/Frameworks";
				PRODUCT_BUNDLE_IDENTIFIER = "org.cocoapods.$(PRODUCT_NAME:rfc1034identifier)";
				PRODUCT_NAME = "$(TARGET_NAME)";
				SWIFT_SWIFT3_OBJC_INFERENCE = Default;
				SWIFT_VERSION = 4.0;
				TEST_HOST = "$(BUILT_PRODUCTS_DIR)/GametacSDK_Example.app/GametacSDK_Example";
			};
			name = Debug;
		};
		607FACF41AFB9204008FA782 /* Release */ = {
			isa = XCBuildConfiguration;
			baseConfigurationReference = C88D7F698419E8AC6BE8FB6E /* Pods-GametacSDK_Tests.release.xcconfig */;
			buildSettings = {
				DEVELOPMENT_TEAM = 3AQFQLF33F;
				FRAMEWORK_SEARCH_PATHS = (
					"$(PLATFORM_DIR)/Developer/Library/Frameworks",
					"$(inherited)",
				);
				INFOPLIST_FILE = Tests/Info.plist;
				LD_RUNPATH_SEARCH_PATHS = "$(inherited) @executable_path/Frameworks @loader_path/Frameworks";
				PRODUCT_BUNDLE_IDENTIFIER = "org.cocoapods.$(PRODUCT_NAME:rfc1034identifier)";
				PRODUCT_NAME = "$(TARGET_NAME)";
				SWIFT_SWIFT3_OBJC_INFERENCE = Default;
				SWIFT_VERSION = 4.0;
				TEST_HOST = "$(BUILT_PRODUCTS_DIR)/GametacSDK_Example.app/GametacSDK_Example";
			};
			name = Release;
		};
/* End XCBuildConfiguration section */

/* Begin XCConfigurationList section */
		607FACCB1AFB9204008FA782 /* Build configuration list for PBXProject "GametacSDK" */ = {
			isa = XCConfigurationList;
			buildConfigurations = (
				607FACED1AFB9204008FA782 /* Debug */,
				607FACEE1AFB9204008FA782 /* Release */,
			);
			defaultConfigurationIsVisible = 0;
			defaultConfigurationName = Release;
		};
		607FACEF1AFB9204008FA782 /* Build configuration list for PBXNativeTarget "GametacSDK_Example" */ = {
			isa = XCConfigurationList;
			buildConfigurations = (
				607FACF01AFB9204008FA782 /* Debug */,
				607FACF11AFB9204008FA782 /* Release */,
			);
			defaultConfigurationIsVisible = 0;
			defaultConfigurationName = Release;
		};
		607FACF21AFB9204008FA782 /* Build configuration list for PBXNativeTarget "GametacSDK_Tests" */ = {
			isa = XCConfigurationList;
			buildConfigurations = (
				607FACF31AFB9204008FA782 /* Debug */,
				607FACF41AFB9204008FA782 /* Release */,
			);
			defaultConfigurationIsVisible = 0;
			defaultConfigurationName = Release;
		};
/* End XCConfigurationList section */
	};
	rootObject = 607FACC81AFB9204008FA782 /* Project object */;
}
